PODS:
  - Alamofire (5.6.1)
  - Realm (10.25.1):
    - Realm/Headers (= 10.25.1)
  - Realm/Headers (10.25.1)
  - RealmSwift (10.25.1):
    - Realm (= 10.25.1)
  - SDWebImage (5.12.5):
    - SDWebImage/Core (= 5.12.5)
  - SDWebImage/Core (5.12.5)
  - Wormholy (1.6.5)
  - YouTubePlayer (0.7.2)

DEPENDENCIES:
  - Alamofire (~> 5.5)
  - RealmSwift
  - SDWebImage (~> 5.0)
  - Wormholy
  - YouTubePlayer

SPEC REPOS:
  trunk:
    - Alamofire
    - Realm
    - RealmSwift
    - SDWebImage
    - Wormholy
    - YouTubePlayer

SPEC CHECKSUMS:
  Alamofire: 87bd8c952f9a4454320fce00d9cc3de57bcadaf5
  Realm: 1a6e9b4f6983711655d8c0bcb6d2d29c3afbb1f3
  RealmSwift: e72669550d27082aa4fad5d176f5076cfe806245
  SDWebImage: 0905f1b7760fc8ac4198cae0036600d67478751e
  Wormholy: 3252bc3e55a1847ef9a0976c1377bd77bf3635fa
  YouTubePlayer: 2b5f2830d8f9b2cde942083211291e382c9e6bd5

PODFILE CHECKSUM: ceed07ebc9f3a221b6aba573e1118eb15c2a0dd5

COCOAPODS: 1.11.2
