// !$*UTF8*$!
{
	archiveVersion = 1;
	classes = {
	};
	objectVersion = 55;
	objects = {

/* Begin PBXBuildFile section */
		3B3F7FFE75E85C29CD843407 /* Pods_MovieApp.framework in Frameworks */ = {isa = PBXBuildFile; fileRef = A8E523B7016AF66A2D492CAF /* Pods_MovieApp.framework */; };
		990530C6285D9B13000747E1 /* MovieViewModel.swift in Sources */ = {isa = PBXBuildFile; fileRef = 990530C5285D9B13000747E1 /* MovieViewModel.swift */; };
		990530C8285DAC44000747E1 /* SearchViewModel.swift in Sources */ = {isa = PBXBuildFile; fileRef = 990530C7285DAC44000747E1 /* SearchViewModel.swift */; };
		990530CA285DB09D000747E1 /* MovieDetailViewModel.swift in Sources */ = {isa = PBXBuildFile; fileRef = 990530C9285DB09D000747E1 /* MovieDetailViewModel.swift */; };
		990FE54D284B1EB70039F7B8 /* Assets.xcassets in Resources */ = {isa = PBXBuildFile; fileRef = 990FE4BA284B1EB70039F7B8 /* Assets.xcassets */; };
		990FE54E284B1EB70039F7B8 /* ViewExtension.swift in Sources */ = {isa = PBXBuildFile; fileRef = 990FE4BC284B1EB70039F7B8 /* ViewExtension.swift */; };
		990FE54F284B1EB70039F7B8 /* Router.swift in Sources */ = {isa = PBXBuildFile; fileRef = 990FE4BD284B1EB70039F7B8 /* Router.swift */; };
		990FE550284B1EB70039F7B8 /* MovieViewController.swift in Sources */ = {isa = PBXBuildFile; fileRef = 990FE4BF284B1EB70039F7B8 /* MovieViewController.swift */; };
		990FE551284B1EB70039F7B8 /* ActorDetailViewController.xib in Resources */ = {isa = PBXBuildFile; fileRef = 990FE4C1284B1EB70039F7B8 /* ActorDetailViewController.xib */; };
		990FE552284B1EB70039F7B8 /* ActorDetailViewController.swift in Sources */ = {isa = PBXBuildFile; fileRef = 990FE4C2284B1EB70039F7B8 /* ActorDetailViewController.swift */; };
		990FE553284B1EB70039F7B8 /* SearchViewController.swift in Sources */ = {isa = PBXBuildFile; fileRef = 990FE4C4284B1EB70039F7B8 /* SearchViewController.swift */; };
		990FE554284B1EB70039F7B8 /* SearchViewController.xib in Resources */ = {isa = PBXBuildFile; fileRef = 990FE4C5284B1EB70039F7B8 /* SearchViewController.xib */; };
		990FE555284B1EB70039F7B8 /* MoreActorsViewController.swift in Sources */ = {isa = PBXBuildFile; fileRef = 990FE4C7284B1EB70039F7B8 /* MoreActorsViewController.swift */; };
		990FE556284B1EB70039F7B8 /* MoreActorsViewController.xib in Resources */ = {isa = PBXBuildFile; fileRef = 990FE4C8284B1EB70039F7B8 /* MoreActorsViewController.xib */; };
		990FE557284B1EB70039F7B8 /* MoreShowCaseViewController.xib in Resources */ = {isa = PBXBuildFile; fileRef = 990FE4CA284B1EB70039F7B8 /* MoreShowCaseViewController.xib */; };
		990FE558284B1EB70039F7B8 /* MoreShowCaseViewController.swift in Sources */ = {isa = PBXBuildFile; fileRef = 990FE4CB284B1EB70039F7B8 /* MoreShowCaseViewController.swift */; };
		990FE559284B1EB70039F7B8 /* MovieDetailViewController.swift in Sources */ = {isa = PBXBuildFile; fileRef = 990FE4CC284B1EB70039F7B8 /* MovieDetailViewController.swift */; };
		990FE55A284B1EB70039F7B8 /* YoutubePlayerViewController.swift in Sources */ = {isa = PBXBuildFile; fileRef = 990FE4CE284B1EB70039F7B8 /* YoutubePlayerViewController.swift */; };
		990FE55B284B1EB70039F7B8 /* YoutubePlayerViewController.xib in Resources */ = {isa = PBXBuildFile; fileRef = 990FE4CF284B1EB70039F7B8 /* YoutubePlayerViewController.xib */; };
		990FE55C284B1EB70039F7B8 /* AppDelegate.swift in Sources */ = {isa = PBXBuildFile; fileRef = 990FE4D1284B1EB70039F7B8 /* AppDelegate.swift */; };
		990FE55D284B1EB70039F7B8 /* MoreShowCaseDelegate.swift in Sources */ = {isa = PBXBuildFile; fileRef = 990FE4D3284B1EB70039F7B8 /* MoreShowCaseDelegate.swift */; };
		990FE55E284B1EB70039F7B8 /* MovieItemDelegate.swift in Sources */ = {isa = PBXBuildFile; fileRef = 990FE4D4284B1EB70039F7B8 /* MovieItemDelegate.swift */; };
		990FE55F284B1EB70039F7B8 /* ActorActionDelegate.swift in Sources */ = {isa = PBXBuildFile; fileRef = 990FE4D5284B1EB70039F7B8 /* ActorActionDelegate.swift */; };
		990FE560284B1EB70039F7B8 /* ActorDelegate.swift in Sources */ = {isa = PBXBuildFile; fileRef = 990FE4D6284B1EB70039F7B8 /* ActorDelegate.swift */; };
		990FE561284B1EB70039F7B8 /* SceneDelegate.swift in Sources */ = {isa = PBXBuildFile; fileRef = 990FE4D7284B1EB70039F7B8 /* SceneDelegate.swift */; };
		990FE562284B1EB70039F7B8 /* LaunchScreen.storyboard in Resources */ = {isa = PBXBuildFile; fileRef = 990FE4D9284B1EB70039F7B8 /* LaunchScreen.storyboard */; };
		990FE563284B1EB70039F7B8 /* Main.storyboard in Resources */ = {isa = PBXBuildFile; fileRef = 990FE4DB284B1EB70039F7B8 /* Main.storyboard */; };
		990FE564284B1EB70039F7B8 /* GenreVo.swift in Sources */ = {isa = PBXBuildFile; fileRef = 990FE4DF284B1EB70039F7B8 /* GenreVo.swift */; };
		990FE565284B1EB70039F7B8 /* FilmDetailVo.swift in Sources */ = {isa = PBXBuildFile; fileRef = 990FE4E0284B1EB70039F7B8 /* FilmDetailVo.swift */; };
		990FE566284B1EB70039F7B8 /* ActorRepository.swift in Sources */ = {isa = PBXBuildFile; fileRef = 990FE4E2284B1EB70039F7B8 /* ActorRepository.swift */; };
		990FE567284B1EB70039F7B8 /* GenreRepository.swift in Sources */ = {isa = PBXBuildFile; fileRef = 990FE4E3284B1EB70039F7B8 /* GenreRepository.swift */; };
		990FE568284B1EB70039F7B8 /* MovieRepository.swift in Sources */ = {isa = PBXBuildFile; fileRef = 990FE4E4284B1EB70039F7B8 /* MovieRepository.swift */; };
		990FE569284B1EB70039F7B8 /* BaseRepository.swift in Sources */ = {isa = PBXBuildFile; fileRef = 990FE4E5284B1EB70039F7B8 /* BaseRepository.swift */; };
		990FE56A284B1EB70039F7B8 /* RxMovieRepository.swift in Sources */ = {isa = PBXBuildFile; fileRef = 990FE4E7284B1EB70039F7B8 /* RxMovieRepository.swift */; };
		990FE56B284B1EB70039F7B8 /* ContentTypeRepository.swift in Sources */ = {isa = PBXBuildFile; fileRef = 990FE4E8284B1EB70039F7B8 /* ContentTypeRepository.swift */; };
		990FE56C284B1EB70039F7B8 /* MovieType.swift in Sources */ = {isa = PBXBuildFile; fileRef = 990FE4EA284B1EB70039F7B8 /* MovieType.swift */; };
		990FE56D284B1EB70039F7B8 /* ActorType.swift in Sources */ = {isa = PBXBuildFile; fileRef = 990FE4EB284B1EB70039F7B8 /* ActorType.swift */; };
		990FE56E284B1EB70039F7B8 /* ActorDetailResponse.swift in Sources */ = {isa = PBXBuildFile; fileRef = 990FE4ED284B1EB70039F7B8 /* ActorDetailResponse.swift */; };
		990FE56F284B1EB70039F7B8 /* TVSeriesDetailResponse.swift in Sources */ = {isa = PBXBuildFile; fileRef = 990FE4EE284B1EB70039F7B8 /* TVSeriesDetailResponse.swift */; };
		990FE570284B1EB70039F7B8 /* TrailerResponse.swift in Sources */ = {isa = PBXBuildFile; fileRef = 990FE4EF284B1EB70039F7B8 /* TrailerResponse.swift */; };
		990FE571284B1EB70039F7B8 /* MovieCreditResponse.swift in Sources */ = {isa = PBXBuildFile; fileRef = 990FE4F0284B1EB70039F7B8 /* MovieCreditResponse.swift */; };
		990FE572284B1EB70039F7B8 /* GenreResponse.swift in Sources */ = {isa = PBXBuildFile; fileRef = 990FE4F1284B1EB70039F7B8 /* GenreResponse.swift */; };
		990FE573284B1EB70039F7B8 /* ActorMovieCreditResponse.swift in Sources */ = {isa = PBXBuildFile; fileRef = 990FE4F2284B1EB70039F7B8 /* ActorMovieCreditResponse.swift */; };
		990FE574284B1EB70039F7B8 /* ActorListResponse.swift in Sources */ = {isa = PBXBuildFile; fileRef = 990FE4F3284B1EB70039F7B8 /* ActorListResponse.swift */; };
		990FE575284B1EB70039F7B8 /* MovieListResponse.swift in Sources */ = {isa = PBXBuildFile; fileRef = 990FE4F4284B1EB70039F7B8 /* MovieListResponse.swift */; };
		990FE576284B1EB70039F7B8 /* LoginResponse.swift in Sources */ = {isa = PBXBuildFile; fileRef = 990FE4F5284B1EB70039F7B8 /* LoginResponse.swift */; };
		990FE577284B1EB70039F7B8 /* MovieDetailResponse.swift in Sources */ = {isa = PBXBuildFile; fileRef = 990FE4F6284B1EB70039F7B8 /* MovieDetailResponse.swift */; };
		990FE578284B1EB70039F7B8 /* ActorTVCreditResponse.swift in Sources */ = {isa = PBXBuildFile; fileRef = 990FE4F7284B1EB70039F7B8 /* ActorTVCreditResponse.swift */; };
		990FE579284B1EB70039F7B8 /* CoreDataStack.swift in Sources */ = {isa = PBXBuildFile; fileRef = 990FE4F9284B1EB70039F7B8 /* CoreDataStack.swift */; };
		990FE57A284B1EB70039F7B8 /* MovieDB.xcdatamodeld in Sources */ = {isa = PBXBuildFile; fileRef = 990FE4FA284B1EB70039F7B8 /* MovieDB.xcdatamodeld */; };
		990FE57B284B1EB70039F7B8 /* ProductionCountryEntity+Extension.swift in Sources */ = {isa = PBXBuildFile; fileRef = 990FE4FD284B1EB70039F7B8 /* ProductionCountryEntity+Extension.swift */; };
		990FE57C284B1EB70039F7B8 /* GenreEntity+Extension.swift in Sources */ = {isa = PBXBuildFile; fileRef = 990FE4FE284B1EB70039F7B8 /* GenreEntity+Extension.swift */; };
		990FE57D284B1EB70039F7B8 /* ProductionCompanyEntity+Extension.swift in Sources */ = {isa = PBXBuildFile; fileRef = 990FE4FF284B1EB70039F7B8 /* ProductionCompanyEntity+Extension.swift */; };
		990FE57E284B1EB70039F7B8 /* MovieEntity+Extension.swift in Sources */ = {isa = PBXBuildFile; fileRef = 990FE500284B1EB70039F7B8 /* MovieEntity+Extension.swift */; };
		990FE57F284B1EB70039F7B8 /* SpokenLanguagesEntity+Extension.swift in Sources */ = {isa = PBXBuildFile; fileRef = 990FE501284B1EB70039F7B8 /* SpokenLanguagesEntity+Extension.swift */; };
		990FE580284B1EB70039F7B8 /* ActorEntity+Extension.swift in Sources */ = {isa = PBXBuildFile; fileRef = 990FE502284B1EB70039F7B8 /* ActorEntity+Extension.swift */; };
		990FE581284B1EB70039F7B8 /* MovieModel.swift in Sources */ = {isa = PBXBuildFile; fileRef = 990FE504284B1EB70039F7B8 /* MovieModel.swift */; };
		990FE582284B1EB70039F7B8 /* MovieDetailModel.swift in Sources */ = {isa = PBXBuildFile; fileRef = 990FE505284B1EB70039F7B8 /* MovieDetailModel.swift */; };
		990FE583284B1EB70039F7B8 /* ActorDetailModel.swift in Sources */ = {isa = PBXBuildFile; fileRef = 990FE506284B1EB70039F7B8 /* ActorDetailModel.swift */; };
		990FE584284B1EB70039F7B8 /* SearchModel.swift in Sources */ = {isa = PBXBuildFile; fileRef = 990FE507284B1EB70039F7B8 /* SearchModel.swift */; };
		990FE585284B1EB70039F7B8 /* ActorModel.swift in Sources */ = {isa = PBXBuildFile; fileRef = 990FE508284B1EB70039F7B8 /* ActorModel.swift */; };
		990FE586284B1EB70039F7B8 /* RxMovieModel.swift in Sources */ = {isa = PBXBuildFile; fileRef = 990FE50A284B1EB70039F7B8 /* RxMovieModel.swift */; };
		990FE587284B1EB70039F7B8 /* RxSearchModel.swift in Sources */ = {isa = PBXBuildFile; fileRef = 990FE50B284B1EB70039F7B8 /* RxSearchModel.swift */; };
		990FE588284B1EB70039F7B8 /* BaseModel.swift in Sources */ = {isa = PBXBuildFile; fileRef = 990FE50D284B1EB70039F7B8 /* BaseModel.swift */; };
		990FE589284B1EB70039F7B8 /* GenreModel.swift in Sources */ = {isa = PBXBuildFile; fileRef = 990FE50E284B1EB70039F7B8 /* GenreModel.swift */; };
		990FE58A284B1EB70039F7B8 /* SeriesDetailModel.swift in Sources */ = {isa = PBXBuildFile; fileRef = 990FE50F284B1EB70039F7B8 /* SeriesDetailModel.swift */; };
		990FE58B284B1EB70039F7B8 /* SeriesModel.swift in Sources */ = {isa = PBXBuildFile; fileRef = 990FE510284B1EB70039F7B8 /* SeriesModel.swift */; };
		990FE58C284B1EB70039F7B8 /* RealmDB.swift in Sources */ = {isa = PBXBuildFile; fileRef = 990FE512284B1EB70039F7B8 /* RealmDB.swift */; };
		990FE58D284B1EB70039F7B8 /* MovieObject.swift in Sources */ = {isa = PBXBuildFile; fileRef = 990FE514284B1EB70039F7B8 /* MovieObject.swift */; };
		990FE58E284B1EB70039F7B8 /* ProductionCompanyObject.swift in Sources */ = {isa = PBXBuildFile; fileRef = 990FE515284B1EB70039F7B8 /* ProductionCompanyObject.swift */; };
		990FE58F284B1EB70039F7B8 /* BelongToTypeObject.swift in Sources */ = {isa = PBXBuildFile; fileRef = 990FE516284B1EB70039F7B8 /* BelongToTypeObject.swift */; };
		990FE590284B1EB70039F7B8 /* GenreObject.swift in Sources */ = {isa = PBXBuildFile; fileRef = 990FE517284B1EB70039F7B8 /* GenreObject.swift */; };
		990FE591284B1EB70039F7B8 /* ActorObject.swift in Sources */ = {isa = PBXBuildFile; fileRef = 990FE518284B1EB70039F7B8 /* ActorObject.swift */; };
		990FE592284B1EB70039F7B8 /* SpokenLanguageObject.swift in Sources */ = {isa = PBXBuildFile; fileRef = 990FE519284B1EB70039F7B8 /* SpokenLanguageObject.swift */; };
		990FE593284B1EB70039F7B8 /* ProductionCountryObject.swift in Sources */ = {isa = PBXBuildFile; fileRef = 990FE51A284B1EB70039F7B8 /* ProductionCountryObject.swift */; };
		990FE594284B1EB70039F7B8 /* RxNetworkingAgent.swift in Sources */ = {isa = PBXBuildFile; fileRef = 990FE51D284B1EB70039F7B8 /* RxNetworkingAgent.swift */; };
		990FE595284B1EB70039F7B8 /* NetworkingAgent.swift in Sources */ = {isa = PBXBuildFile; fileRef = 990FE51E284B1EB70039F7B8 /* NetworkingAgent.swift */; };
		990FE596284B1EB70039F7B8 /* RxNetworkingAgentProtocol.swift in Sources */ = {isa = PBXBuildFile; fileRef = 990FE520284B1EB70039F7B8 /* RxNetworkingAgentProtocol.swift */; };
		990FE597284B1EB70039F7B8 /* NetworkingAgentProtocol.swift in Sources */ = {isa = PBXBuildFile; fileRef = 990FE521284B1EB70039F7B8 /* NetworkingAgentProtocol.swift */; };
		990FE598284B1EB70039F7B8 /* MDBEnpoint.swift in Sources */ = {isa = PBXBuildFile; fileRef = 990FE522284B1EB70039F7B8 /* MDBEnpoint.swift */; };
		990FE599284B1EB70039F7B8 /* MovieSliderTableViewCell.swift in Sources */ = {isa = PBXBuildFile; fileRef = 990FE526284B1EB70039F7B8 /* MovieSliderTableViewCell.swift */; };
		990FE59A284B1EB70039F7B8 /* MovieSliderTableViewCell.xib in Resources */ = {isa = PBXBuildFile; fileRef = 990FE527284B1EB70039F7B8 /* MovieSliderTableViewCell.xib */; };
		990FE59B284B1EB70039F7B8 /* GenreTableViewCell.swift in Sources */ = {isa = PBXBuildFile; fileRef = 990FE529284B1EB70039F7B8 /* GenreTableViewCell.swift */; };
		990FE59C284B1EB70039F7B8 /* GenreTableViewCell.xib in Resources */ = {isa = PBXBuildFile; fileRef = 990FE52A284B1EB70039F7B8 /* GenreTableViewCell.xib */; };
		990FE59D284B1EB70039F7B8 /* PopularFilmTableViewCell.swift in Sources */ = {isa = PBXBuildFile; fileRef = 990FE52C284B1EB70039F7B8 /* PopularFilmTableViewCell.swift */; };
		990FE59E284B1EB70039F7B8 /* PopularFilmTableViewCell.xib in Resources */ = {isa = PBXBuildFile; fileRef = 990FE52D284B1EB70039F7B8 /* PopularFilmTableViewCell.xib */; };
		990FE59F284B1EB70039F7B8 /* MovieShowTimeTableViewCell.xib in Resources */ = {isa = PBXBuildFile; fileRef = 990FE52F284B1EB70039F7B8 /* MovieShowTimeTableViewCell.xib */; };
		990FE5A0284B1EB70039F7B8 /* MovieShowTimeTableViewCell.swift in Sources */ = {isa = PBXBuildFile; fileRef = 990FE530284B1EB70039F7B8 /* MovieShowTimeTableViewCell.swift */; };
		990FE5A1284B1EB70039F7B8 /* ShowCaseTableViewCell.swift in Sources */ = {isa = PBXBuildFile; fileRef = 990FE532284B1EB70039F7B8 /* ShowCaseTableViewCell.swift */; };
		990FE5A2284B1EB70039F7B8 /* ShowCaseTableViewCell.xib in Resources */ = {isa = PBXBuildFile; fileRef = 990FE533284B1EB70039F7B8 /* ShowCaseTableViewCell.xib */; };
		990FE5A3284B1EB70039F7B8 /* BestActorTableViewCell.xib in Resources */ = {isa = PBXBuildFile; fileRef = 990FE535284B1EB70039F7B8 /* BestActorTableViewCell.xib */; };
		990FE5A4284B1EB70039F7B8 /* BestActorTableViewCell.swift in Sources */ = {isa = PBXBuildFile; fileRef = 990FE536284B1EB70039F7B8 /* BestActorTableViewCell.swift */; };
		990FE5A5284B1EB70039F7B8 /* PopularFilmCollectionViewCell.swift in Sources */ = {isa = PBXBuildFile; fileRef = 990FE539284B1EB70039F7B8 /* PopularFilmCollectionViewCell.swift */; };
		990FE5A6284B1EB70039F7B8 /* PopularFilmCollectionViewCell.xib in Resources */ = {isa = PBXBuildFile; fileRef = 990FE53A284B1EB70039F7B8 /* PopularFilmCollectionViewCell.xib */; };
		990FE5A7284B1EB70039F7B8 /* MovieSliderCollectionViewCell.xib in Resources */ = {isa = PBXBuildFile; fileRef = 990FE53C284B1EB70039F7B8 /* MovieSliderCollectionViewCell.xib */; };
		990FE5A8284B1EB70039F7B8 /* MovieSliderCollectionViewCell.swift in Sources */ = {isa = PBXBuildFile; fileRef = 990FE53D284B1EB70039F7B8 /* MovieSliderCollectionViewCell.swift */; };
		990FE5A9284B1EB70039F7B8 /* GenreCollectionViewCell.xib in Resources */ = {isa = PBXBuildFile; fileRef = 990FE53F284B1EB70039F7B8 /* GenreCollectionViewCell.xib */; };
		990FE5AA284B1EB70039F7B8 /* GenreCollectionViewCell.swift in Sources */ = {isa = PBXBuildFile; fileRef = 990FE540284B1EB70039F7B8 /* GenreCollectionViewCell.swift */; };
		990FE5AB284B1EB70039F7B8 /* ProductionCollectionViewCell.swift in Sources */ = {isa = PBXBuildFile; fileRef = 990FE542284B1EB70039F7B8 /* ProductionCollectionViewCell.swift */; };
		990FE5AC284B1EB70039F7B8 /* ProductionCollectionViewCell.xib in Resources */ = {isa = PBXBuildFile; fileRef = 990FE543284B1EB70039F7B8 /* ProductionCollectionViewCell.xib */; };
		990FE5AD284B1EB70039F7B8 /* ShowCaseCollectionViewCell.xib in Resources */ = {isa = PBXBuildFile; fileRef = 990FE545284B1EB70039F7B8 /* ShowCaseCollectionViewCell.xib */; };
		990FE5AE284B1EB70039F7B8 /* ShowCaseCollectionViewCell.swift in Sources */ = {isa = PBXBuildFile; fileRef = 990FE546284B1EB70039F7B8 /* ShowCaseCollectionViewCell.swift */; };
		990FE5AF284B1EB70039F7B8 /* BestActorCollectionViewCell.xib in Resources */ = {isa = PBXBuildFile; fileRef = 990FE548284B1EB70039F7B8 /* BestActorCollectionViewCell.xib */; };
		990FE5B0284B1EB70039F7B8 /* BestActorCollectionViewCell.swift in Sources */ = {isa = PBXBuildFile; fileRef = 990FE549284B1EB70039F7B8 /* BestActorCollectionViewCell.swift */; };
		990FE5B1284B1EB70039F7B8 /* RatingControl.swift in Sources */ = {isa = PBXBuildFile; fileRef = 990FE54B284B1EB70039F7B8 /* RatingControl.swift */; };
		990FE5B2284B1EB70039F7B8 /* Constants.swift in Sources */ = {isa = PBXBuildFile; fileRef = 990FE54C284B1EB70039F7B8 /* Constants.swift */; };
		990FE5B4284B27340039F7B8 /* MovieViewSectionItem.swift in Sources */ = {isa = PBXBuildFile; fileRef = 990FE5B3284B27340039F7B8 /* MovieViewSectionItem.swift */; };
		990FE5B6284B3F200039F7B8 /* RxActorModel.swift in Sources */ = {isa = PBXBuildFile; fileRef = 990FE5B5284B3F200039F7B8 /* RxActorModel.swift */; };
		990FE5B8284B3F660039F7B8 /* RxActorRepository.swift in Sources */ = {isa = PBXBuildFile; fileRef = 990FE5B7284B3F660039F7B8 /* RxActorRepository.swift */; };
		990FE5BA284B51410039F7B8 /* RxSeriesModel.swift in Sources */ = {isa = PBXBuildFile; fileRef = 990FE5B9284B51410039F7B8 /* RxSeriesModel.swift */; };
		99555129284C94F70094038C /* RxContentTypeRepository.swift in Sources */ = {isa = PBXBuildFile; fileRef = 99555128284C94F70094038C /* RxContentTypeRepository.swift */; };
		9961A2D428546DF400DC6242 /* RxActorDetailModel.swift in Sources */ = {isa = PBXBuildFile; fileRef = 9961A2D328546DF400DC6242 /* RxActorDetailModel.swift */; };
		9961A2D72854861C00DC6242 /* CDObservable.swift in Sources */ = {isa = PBXBuildFile; fileRef = 9961A2D62854861C00DC6242 /* CDObservable.swift */; };
		99B049FA285EF51300E6FEC7 /* ActorDetailViewModel.swift in Sources */ = {isa = PBXBuildFile; fileRef = 99B049F9285EF51300E6FEC7 /* ActorDetailViewModel.swift */; };
		99B049FC285EFAAF00E6FEC7 /* MoreActorViewModel.swift in Sources */ = {isa = PBXBuildFile; fileRef = 99B049FB285EFAAF00E6FEC7 /* MoreActorViewModel.swift */; };
		99FAC8F1284F072200EC907D /* RxMovieDetailModel.swift in Sources */ = {isa = PBXBuildFile; fileRef = 99FAC8F0284F072200EC907D /* RxMovieDetailModel.swift */; };
		99FAC8F3284F838D00EC907D /* RxSeriesDetailModel.swift in Sources */ = {isa = PBXBuildFile; fileRef = 99FAC8F2284F838D00EC907D /* RxSeriesDetailModel.swift */; };
/* End PBXBuildFile section */

/* Begin PBXFileReference section */
		990530C5285D9B13000747E1 /* MovieViewModel.swift */ = {isa = PBXFileReference; lastKnownFileType = sourcecode.swift; path = MovieViewModel.swift; sourceTree = "<group>"; };
		990530C7285DAC44000747E1 /* SearchViewModel.swift */ = {isa = PBXFileReference; lastKnownFileType = sourcecode.swift; path = SearchViewModel.swift; sourceTree = "<group>"; };
		990530C9285DB09D000747E1 /* MovieDetailViewModel.swift */ = {isa = PBXFileReference; lastKnownFileType = sourcecode.swift; path = MovieDetailViewModel.swift; sourceTree = "<group>"; };
		990FE4A2284B1DE90039F7B8 /* MovieApp.app */ = {isa = PBXFileReference; explicitFileType = wrapper.application; includeInIndex = 0; path = MovieApp.app; sourceTree = BUILT_PRODUCTS_DIR; };
		990FE4B3284B1DEA0039F7B8 /* Info.plist */ = {isa = PBXFileReference; lastKnownFileType = text.plist.xml; path = Info.plist; sourceTree = "<group>"; };
		990FE4BA284B1EB70039F7B8 /* Assets.xcassets */ = {isa = PBXFileReference; lastKnownFileType = folder.assetcatalog; path = Assets.xcassets; sourceTree = "<group>"; };
		990FE4BC284B1EB70039F7B8 /* ViewExtension.swift */ = {isa = PBXFileReference; fileEncoding = 4; lastKnownFileType = sourcecode.swift; path = ViewExtension.swift; sourceTree = "<group>"; };
		990FE4BD284B1EB70039F7B8 /* Router.swift */ = {isa = PBXFileReference; fileEncoding = 4; lastKnownFileType = sourcecode.swift; path = Router.swift; sourceTree = "<group>"; };
		990FE4BF284B1EB70039F7B8 /* MovieViewController.swift */ = {isa = PBXFileReference; fileEncoding = 4; lastKnownFileType = sourcecode.swift; path = MovieViewController.swift; sourceTree = "<group>"; };
		990FE4C1284B1EB70039F7B8 /* ActorDetailViewController.xib */ = {isa = PBXFileReference; fileEncoding = 4; lastKnownFileType = file.xib; path = ActorDetailViewController.xib; sourceTree = "<group>"; };
		990FE4C2284B1EB70039F7B8 /* ActorDetailViewController.swift */ = {isa = PBXFileReference; fileEncoding = 4; lastKnownFileType = sourcecode.swift; path = ActorDetailViewController.swift; sourceTree = "<group>"; };
		990FE4C4284B1EB70039F7B8 /* SearchViewController.swift */ = {isa = PBXFileReference; fileEncoding = 4; lastKnownFileType = sourcecode.swift; path = SearchViewController.swift; sourceTree = "<group>"; };
		990FE4C5284B1EB70039F7B8 /* SearchViewController.xib */ = {isa = PBXFileReference; fileEncoding = 4; lastKnownFileType = file.xib; path = SearchViewController.xib; sourceTree = "<group>"; };
		990FE4C7284B1EB70039F7B8 /* MoreActorsViewController.swift */ = {isa = PBXFileReference; fileEncoding = 4; lastKnownFileType = sourcecode.swift; path = MoreActorsViewController.swift; sourceTree = "<group>"; };
		990FE4C8284B1EB70039F7B8 /* MoreActorsViewController.xib */ = {isa = PBXFileReference; fileEncoding = 4; lastKnownFileType = file.xib; path = MoreActorsViewController.xib; sourceTree = "<group>"; };
		990FE4CA284B1EB70039F7B8 /* MoreShowCaseViewController.xib */ = {isa = PBXFileReference; fileEncoding = 4; lastKnownFileType = file.xib; path = MoreShowCaseViewController.xib; sourceTree = "<group>"; };
		990FE4CB284B1EB70039F7B8 /* MoreShowCaseViewController.swift */ = {isa = PBXFileReference; fileEncoding = 4; lastKnownFileType = sourcecode.swift; path = MoreShowCaseViewController.swift; sourceTree = "<group>"; };
		990FE4CC284B1EB70039F7B8 /* MovieDetailViewController.swift */ = {isa = PBXFileReference; fileEncoding = 4; lastKnownFileType = sourcecode.swift; path = MovieDetailViewController.swift; sourceTree = "<group>"; };
		990FE4CE284B1EB70039F7B8 /* YoutubePlayerViewController.swift */ = {isa = PBXFileReference; fileEncoding = 4; lastKnownFileType = sourcecode.swift; path = YoutubePlayerViewController.swift; sourceTree = "<group>"; };
		990FE4CF284B1EB70039F7B8 /* YoutubePlayerViewController.xib */ = {isa = PBXFileReference; fileEncoding = 4; lastKnownFileType = file.xib; path = YoutubePlayerViewController.xib; sourceTree = "<group>"; };
		990FE4D1284B1EB70039F7B8 /* AppDelegate.swift */ = {isa = PBXFileReference; fileEncoding = 4; lastKnownFileType = sourcecode.swift; path = AppDelegate.swift; sourceTree = "<group>"; };
		990FE4D3284B1EB70039F7B8 /* MoreShowCaseDelegate.swift */ = {isa = PBXFileReference; fileEncoding = 4; lastKnownFileType = sourcecode.swift; path = MoreShowCaseDelegate.swift; sourceTree = "<group>"; };
		990FE4D4284B1EB70039F7B8 /* MovieItemDelegate.swift */ = {isa = PBXFileReference; fileEncoding = 4; lastKnownFileType = sourcecode.swift; path = MovieItemDelegate.swift; sourceTree = "<group>"; };
		990FE4D5284B1EB70039F7B8 /* ActorActionDelegate.swift */ = {isa = PBXFileReference; fileEncoding = 4; lastKnownFileType = sourcecode.swift; path = ActorActionDelegate.swift; sourceTree = "<group>"; };
		990FE4D6284B1EB70039F7B8 /* ActorDelegate.swift */ = {isa = PBXFileReference; fileEncoding = 4; lastKnownFileType = sourcecode.swift; path = ActorDelegate.swift; sourceTree = "<group>"; };
		990FE4D7284B1EB70039F7B8 /* SceneDelegate.swift */ = {isa = PBXFileReference; fileEncoding = 4; lastKnownFileType = sourcecode.swift; path = SceneDelegate.swift; sourceTree = "<group>"; };
		990FE4DA284B1EB70039F7B8 /* Base */ = {isa = PBXFileReference; lastKnownFileType = file.storyboard; name = Base; path = Base.lproj/LaunchScreen.storyboard; sourceTree = "<group>"; };
		990FE4DC284B1EB70039F7B8 /* Base */ = {isa = PBXFileReference; lastKnownFileType = file.storyboard; name = Base; path = Base.lproj/Main.storyboard; sourceTree = "<group>"; };
		990FE4DF284B1EB70039F7B8 /* GenreVo.swift */ = {isa = PBXFileReference; fileEncoding = 4; lastKnownFileType = sourcecode.swift; path = GenreVo.swift; sourceTree = "<group>"; };
		990FE4E0284B1EB70039F7B8 /* FilmDetailVo.swift */ = {isa = PBXFileReference; fileEncoding = 4; lastKnownFileType = sourcecode.swift; path = FilmDetailVo.swift; sourceTree = "<group>"; };
		990FE4E2284B1EB70039F7B8 /* ActorRepository.swift */ = {isa = PBXFileReference; fileEncoding = 4; lastKnownFileType = sourcecode.swift; path = ActorRepository.swift; sourceTree = "<group>"; };
		990FE4E3284B1EB70039F7B8 /* GenreRepository.swift */ = {isa = PBXFileReference; fileEncoding = 4; lastKnownFileType = sourcecode.swift; path = GenreRepository.swift; sourceTree = "<group>"; };
		990FE4E4284B1EB70039F7B8 /* MovieRepository.swift */ = {isa = PBXFileReference; fileEncoding = 4; lastKnownFileType = sourcecode.swift; path = MovieRepository.swift; sourceTree = "<group>"; };
		990FE4E5284B1EB70039F7B8 /* BaseRepository.swift */ = {isa = PBXFileReference; fileEncoding = 4; lastKnownFileType = sourcecode.swift; path = BaseRepository.swift; sourceTree = "<group>"; };
		990FE4E7284B1EB70039F7B8 /* RxMovieRepository.swift */ = {isa = PBXFileReference; fileEncoding = 4; lastKnownFileType = sourcecode.swift; path = RxMovieRepository.swift; sourceTree = "<group>"; };
		990FE4E8284B1EB70039F7B8 /* ContentTypeRepository.swift */ = {isa = PBXFileReference; fileEncoding = 4; lastKnownFileType = sourcecode.swift; path = ContentTypeRepository.swift; sourceTree = "<group>"; };
		990FE4EA284B1EB70039F7B8 /* MovieType.swift */ = {isa = PBXFileReference; fileEncoding = 4; lastKnownFileType = sourcecode.swift; path = MovieType.swift; sourceTree = "<group>"; };
		990FE4EB284B1EB70039F7B8 /* ActorType.swift */ = {isa = PBXFileReference; fileEncoding = 4; lastKnownFileType = sourcecode.swift; path = ActorType.swift; sourceTree = "<group>"; };
		990FE4ED284B1EB70039F7B8 /* ActorDetailResponse.swift */ = {isa = PBXFileReference; fileEncoding = 4; lastKnownFileType = sourcecode.swift; path = ActorDetailResponse.swift; sourceTree = "<group>"; };
		990FE4EE284B1EB70039F7B8 /* TVSeriesDetailResponse.swift */ = {isa = PBXFileReference; fileEncoding = 4; lastKnownFileType = sourcecode.swift; path = TVSeriesDetailResponse.swift; sourceTree = "<group>"; };
		990FE4EF284B1EB70039F7B8 /* TrailerResponse.swift */ = {isa = PBXFileReference; fileEncoding = 4; lastKnownFileType = sourcecode.swift; path = TrailerResponse.swift; sourceTree = "<group>"; };
		990FE4F0284B1EB70039F7B8 /* MovieCreditResponse.swift */ = {isa = PBXFileReference; fileEncoding = 4; lastKnownFileType = sourcecode.swift; path = MovieCreditResponse.swift; sourceTree = "<group>"; };
		990FE4F1284B1EB70039F7B8 /* GenreResponse.swift */ = {isa = PBXFileReference; fileEncoding = 4; lastKnownFileType = sourcecode.swift; path = GenreResponse.swift; sourceTree = "<group>"; };
		990FE4F2284B1EB70039F7B8 /* ActorMovieCreditResponse.swift */ = {isa = PBXFileReference; fileEncoding = 4; lastKnownFileType = sourcecode.swift; path = ActorMovieCreditResponse.swift; sourceTree = "<group>"; };
		990FE4F3284B1EB70039F7B8 /* ActorListResponse.swift */ = {isa = PBXFileReference; fileEncoding = 4; lastKnownFileType = sourcecode.swift; path = ActorListResponse.swift; sourceTree = "<group>"; };
		990FE4F4284B1EB70039F7B8 /* MovieListResponse.swift */ = {isa = PBXFileReference; fileEncoding = 4; lastKnownFileType = sourcecode.swift; path = MovieListResponse.swift; sourceTree = "<group>"; };
		990FE4F5284B1EB70039F7B8 /* LoginResponse.swift */ = {isa = PBXFileReference; fileEncoding = 4; lastKnownFileType = sourcecode.swift; path = LoginResponse.swift; sourceTree = "<group>"; };
		990FE4F6284B1EB70039F7B8 /* MovieDetailResponse.swift */ = {isa = PBXFileReference; fileEncoding = 4; lastKnownFileType = sourcecode.swift; path = MovieDetailResponse.swift; sourceTree = "<group>"; };
		990FE4F7284B1EB70039F7B8 /* ActorTVCreditResponse.swift */ = {isa = PBXFileReference; fileEncoding = 4; lastKnownFileType = sourcecode.swift; path = ActorTVCreditResponse.swift; sourceTree = "<group>"; };
		990FE4F9284B1EB70039F7B8 /* CoreDataStack.swift */ = {isa = PBXFileReference; fileEncoding = 4; lastKnownFileType = sourcecode.swift; path = CoreDataStack.swift; sourceTree = "<group>"; };
		990FE4FB284B1EB70039F7B8 /* MovieDB.xcdatamodel */ = {isa = PBXFileReference; lastKnownFileType = wrapper.xcdatamodel; path = MovieDB.xcdatamodel; sourceTree = "<group>"; };
		990FE4FD284B1EB70039F7B8 /* ProductionCountryEntity+Extension.swift */ = {isa = PBXFileReference; fileEncoding = 4; lastKnownFileType = sourcecode.swift; path = "ProductionCountryEntity+Extension.swift"; sourceTree = "<group>"; };
		990FE4FE284B1EB70039F7B8 /* GenreEntity+Extension.swift */ = {isa = PBXFileReference; fileEncoding = 4; lastKnownFileType = sourcecode.swift; path = "GenreEntity+Extension.swift"; sourceTree = "<group>"; };
		990FE4FF284B1EB70039F7B8 /* ProductionCompanyEntity+Extension.swift */ = {isa = PBXFileReference; fileEncoding = 4; lastKnownFileType = sourcecode.swift; path = "ProductionCompanyEntity+Extension.swift"; sourceTree = "<group>"; };
		990FE500284B1EB70039F7B8 /* MovieEntity+Extension.swift */ = {isa = PBXFileReference; fileEncoding = 4; lastKnownFileType = sourcecode.swift; path = "MovieEntity+Extension.swift"; sourceTree = "<group>"; };
		990FE501284B1EB70039F7B8 /* SpokenLanguagesEntity+Extension.swift */ = {isa = PBXFileReference; fileEncoding = 4; lastKnownFileType = sourcecode.swift; path = "SpokenLanguagesEntity+Extension.swift"; sourceTree = "<group>"; };
		990FE502284B1EB70039F7B8 /* ActorEntity+Extension.swift */ = {isa = PBXFileReference; fileEncoding = 4; lastKnownFileType = sourcecode.swift; path = "ActorEntity+Extension.swift"; sourceTree = "<group>"; };
		990FE504284B1EB70039F7B8 /* MovieModel.swift */ = {isa = PBXFileReference; fileEncoding = 4; lastKnownFileType = sourcecode.swift; path = MovieModel.swift; sourceTree = "<group>"; };
		990FE505284B1EB70039F7B8 /* MovieDetailModel.swift */ = {isa = PBXFileReference; fileEncoding = 4; lastKnownFileType = sourcecode.swift; path = MovieDetailModel.swift; sourceTree = "<group>"; };
		990FE506284B1EB70039F7B8 /* ActorDetailModel.swift */ = {isa = PBXFileReference; fileEncoding = 4; lastKnownFileType = sourcecode.swift; path = ActorDetailModel.swift; sourceTree = "<group>"; };
		990FE507284B1EB70039F7B8 /* SearchModel.swift */ = {isa = PBXFileReference; fileEncoding = 4; lastKnownFileType = sourcecode.swift; path = SearchModel.swift; sourceTree = "<group>"; };
		990FE508284B1EB70039F7B8 /* ActorModel.swift */ = {isa = PBXFileReference; fileEncoding = 4; lastKnownFileType = sourcecode.swift; path = ActorModel.swift; sourceTree = "<group>"; };
		990FE50A284B1EB70039F7B8 /* RxMovieModel.swift */ = {isa = PBXFileReference; fileEncoding = 4; lastKnownFileType = sourcecode.swift; path = RxMovieModel.swift; sourceTree = "<group>"; };
		990FE50B284B1EB70039F7B8 /* RxSearchModel.swift */ = {isa = PBXFileReference; fileEncoding = 4; lastKnownFileType = sourcecode.swift; path = RxSearchModel.swift; sourceTree = "<group>"; };
		990FE50D284B1EB70039F7B8 /* BaseModel.swift */ = {isa = PBXFileReference; fileEncoding = 4; lastKnownFileType = sourcecode.swift; path = BaseModel.swift; sourceTree = "<group>"; };
		990FE50E284B1EB70039F7B8 /* GenreModel.swift */ = {isa = PBXFileReference; fileEncoding = 4; lastKnownFileType = sourcecode.swift; path = GenreModel.swift; sourceTree = "<group>"; };
		990FE50F284B1EB70039F7B8 /* SeriesDetailModel.swift */ = {isa = PBXFileReference; fileEncoding = 4; lastKnownFileType = sourcecode.swift; path = SeriesDetailModel.swift; sourceTree = "<group>"; };
		990FE510284B1EB70039F7B8 /* SeriesModel.swift */ = {isa = PBXFileReference; fileEncoding = 4; lastKnownFileType = sourcecode.swift; path = SeriesModel.swift; sourceTree = "<group>"; };
		990FE512284B1EB70039F7B8 /* RealmDB.swift */ = {isa = PBXFileReference; fileEncoding = 4; lastKnownFileType = sourcecode.swift; path = RealmDB.swift; sourceTree = "<group>"; };
		990FE514284B1EB70039F7B8 /* MovieObject.swift */ = {isa = PBXFileReference; fileEncoding = 4; lastKnownFileType = sourcecode.swift; path = MovieObject.swift; sourceTree = "<group>"; };
		990FE515284B1EB70039F7B8 /* ProductionCompanyObject.swift */ = {isa = PBXFileReference; fileEncoding = 4; lastKnownFileType = sourcecode.swift; path = ProductionCompanyObject.swift; sourceTree = "<group>"; };
		990FE516284B1EB70039F7B8 /* BelongToTypeObject.swift */ = {isa = PBXFileReference; fileEncoding = 4; lastKnownFileType = sourcecode.swift; path = BelongToTypeObject.swift; sourceTree = "<group>"; };
		990FE517284B1EB70039F7B8 /* GenreObject.swift */ = {isa = PBXFileReference; fileEncoding = 4; lastKnownFileType = sourcecode.swift; path = GenreObject.swift; sourceTree = "<group>"; };
		990FE518284B1EB70039F7B8 /* ActorObject.swift */ = {isa = PBXFileReference; fileEncoding = 4; lastKnownFileType = sourcecode.swift; path = ActorObject.swift; sourceTree = "<group>"; };
		990FE519284B1EB70039F7B8 /* SpokenLanguageObject.swift */ = {isa = PBXFileReference; fileEncoding = 4; lastKnownFileType = sourcecode.swift; path = SpokenLanguageObject.swift; sourceTree = "<group>"; };
		990FE51A284B1EB70039F7B8 /* ProductionCountryObject.swift */ = {isa = PBXFileReference; fileEncoding = 4; lastKnownFileType = sourcecode.swift; path = ProductionCountryObject.swift; sourceTree = "<group>"; };
		990FE51D284B1EB70039F7B8 /* RxNetworkingAgent.swift */ = {isa = PBXFileReference; fileEncoding = 4; lastKnownFileType = sourcecode.swift; path = RxNetworkingAgent.swift; sourceTree = "<group>"; };
		990FE51E284B1EB70039F7B8 /* NetworkingAgent.swift */ = {isa = PBXFileReference; fileEncoding = 4; lastKnownFileType = sourcecode.swift; path = NetworkingAgent.swift; sourceTree = "<group>"; };
		990FE520284B1EB70039F7B8 /* RxNetworkingAgentProtocol.swift */ = {isa = PBXFileReference; fileEncoding = 4; lastKnownFileType = sourcecode.swift; path = RxNetworkingAgentProtocol.swift; sourceTree = "<group>"; };
		990FE521284B1EB70039F7B8 /* NetworkingAgentProtocol.swift */ = {isa = PBXFileReference; fileEncoding = 4; lastKnownFileType = sourcecode.swift; path = NetworkingAgentProtocol.swift; sourceTree = "<group>"; };
		990FE522284B1EB70039F7B8 /* MDBEnpoint.swift */ = {isa = PBXFileReference; fileEncoding = 4; lastKnownFileType = sourcecode.swift; path = MDBEnpoint.swift; sourceTree = "<group>"; };
		990FE526284B1EB70039F7B8 /* MovieSliderTableViewCell.swift */ = {isa = PBXFileReference; fileEncoding = 4; lastKnownFileType = sourcecode.swift; path = MovieSliderTableViewCell.swift; sourceTree = "<group>"; };
		990FE527284B1EB70039F7B8 /* MovieSliderTableViewCell.xib */ = {isa = PBXFileReference; fileEncoding = 4; lastKnownFileType = file.xib; path = MovieSliderTableViewCell.xib; sourceTree = "<group>"; };
		990FE529284B1EB70039F7B8 /* GenreTableViewCell.swift */ = {isa = PBXFileReference; fileEncoding = 4; lastKnownFileType = sourcecode.swift; path = GenreTableViewCell.swift; sourceTree = "<group>"; };
		990FE52A284B1EB70039F7B8 /* GenreTableViewCell.xib */ = {isa = PBXFileReference; fileEncoding = 4; lastKnownFileType = file.xib; path = GenreTableViewCell.xib; sourceTree = "<group>"; };
		990FE52C284B1EB70039F7B8 /* PopularFilmTableViewCell.swift */ = {isa = PBXFileReference; fileEncoding = 4; lastKnownFileType = sourcecode.swift; path = PopularFilmTableViewCell.swift; sourceTree = "<group>"; };
		990FE52D284B1EB70039F7B8 /* PopularFilmTableViewCell.xib */ = {isa = PBXFileReference; fileEncoding = 4; lastKnownFileType = file.xib; path = PopularFilmTableViewCell.xib; sourceTree = "<group>"; };
		990FE52F284B1EB70039F7B8 /* MovieShowTimeTableViewCell.xib */ = {isa = PBXFileReference; fileEncoding = 4; lastKnownFileType = file.xib; path = MovieShowTimeTableViewCell.xib; sourceTree = "<group>"; };
		990FE530284B1EB70039F7B8 /* MovieShowTimeTableViewCell.swift */ = {isa = PBXFileReference; fileEncoding = 4; lastKnownFileType = sourcecode.swift; path = MovieShowTimeTableViewCell.swift; sourceTree = "<group>"; };
		990FE532284B1EB70039F7B8 /* ShowCaseTableViewCell.swift */ = {isa = PBXFileReference; fileEncoding = 4; lastKnownFileType = sourcecode.swift; path = ShowCaseTableViewCell.swift; sourceTree = "<group>"; };
		990FE533284B1EB70039F7B8 /* ShowCaseTableViewCell.xib */ = {isa = PBXFileReference; fileEncoding = 4; lastKnownFileType = file.xib; path = ShowCaseTableViewCell.xib; sourceTree = "<group>"; };
		990FE535284B1EB70039F7B8 /* BestActorTableViewCell.xib */ = {isa = PBXFileReference; fileEncoding = 4; lastKnownFileType = file.xib; path = BestActorTableViewCell.xib; sourceTree = "<group>"; };
		990FE536284B1EB70039F7B8 /* BestActorTableViewCell.swift */ = {isa = PBXFileReference; fileEncoding = 4; lastKnownFileType = sourcecode.swift; path = BestActorTableViewCell.swift; sourceTree = "<group>"; };
		990FE539284B1EB70039F7B8 /* PopularFilmCollectionViewCell.swift */ = {isa = PBXFileReference; fileEncoding = 4; lastKnownFileType = sourcecode.swift; path = PopularFilmCollectionViewCell.swift; sourceTree = "<group>"; };
		990FE53A284B1EB70039F7B8 /* PopularFilmCollectionViewCell.xib */ = {isa = PBXFileReference; fileEncoding = 4; lastKnownFileType = file.xib; path = PopularFilmCollectionViewCell.xib; sourceTree = "<group>"; };
		990FE53C284B1EB70039F7B8 /* MovieSliderCollectionViewCell.xib */ = {isa = PBXFileReference; fileEncoding = 4; lastKnownFileType = file.xib; path = MovieSliderCollectionViewCell.xib; sourceTree = "<group>"; };
		990FE53D284B1EB70039F7B8 /* MovieSliderCollectionViewCell.swift */ = {isa = PBXFileReference; fileEncoding = 4; lastKnownFileType = sourcecode.swift; path = MovieSliderCollectionViewCell.swift; sourceTree = "<group>"; };
		990FE53F284B1EB70039F7B8 /* GenreCollectionViewCell.xib */ = {isa = PBXFileReference; fileEncoding = 4; lastKnownFileType = file.xib; path = GenreCollectionViewCell.xib; sourceTree = "<group>"; };
		990FE540284B1EB70039F7B8 /* GenreCollectionViewCell.swift */ = {isa = PBXFileReference; fileEncoding = 4; lastKnownFileType = sourcecode.swift; path = GenreCollectionViewCell.swift; sourceTree = "<group>"; };
		990FE542284B1EB70039F7B8 /* ProductionCollectionViewCell.swift */ = {isa = PBXFileReference; fileEncoding = 4; lastKnownFileType = sourcecode.swift; path = ProductionCollectionViewCell.swift; sourceTree = "<group>"; };
		990FE543284B1EB70039F7B8 /* ProductionCollectionViewCell.xib */ = {isa = PBXFileReference; fileEncoding = 4; lastKnownFileType = file.xib; path = ProductionCollectionViewCell.xib; sourceTree = "<group>"; };
		990FE545284B1EB70039F7B8 /* ShowCaseCollectionViewCell.xib */ = {isa = PBXFileReference; fileEncoding = 4; lastKnownFileType = file.xib; path = ShowCaseCollectionViewCell.xib; sourceTree = "<group>"; };
		990FE546284B1EB70039F7B8 /* ShowCaseCollectionViewCell.swift */ = {isa = PBXFileReference; fileEncoding = 4; lastKnownFileType = sourcecode.swift; path = ShowCaseCollectionViewCell.swift; sourceTree = "<group>"; };
		990FE548284B1EB70039F7B8 /* BestActorCollectionViewCell.xib */ = {isa = PBXFileReference; fileEncoding = 4; lastKnownFileType = file.xib; path = BestActorCollectionViewCell.xib; sourceTree = "<group>"; };
		990FE549284B1EB70039F7B8 /* BestActorCollectionViewCell.swift */ = {isa = PBXFileReference; fileEncoding = 4; lastKnownFileType = sourcecode.swift; path = BestActorCollectionViewCell.swift; sourceTree = "<group>"; };
		990FE54B284B1EB70039F7B8 /* RatingControl.swift */ = {isa = PBXFileReference; fileEncoding = 4; lastKnownFileType = sourcecode.swift; path = RatingControl.swift; sourceTree = "<group>"; };
		990FE54C284B1EB70039F7B8 /* Constants.swift */ = {isa = PBXFileReference; fileEncoding = 4; lastKnownFileType = sourcecode.swift; path = Constants.swift; sourceTree = "<group>"; };
		990FE5B3284B27340039F7B8 /* MovieViewSectionItem.swift */ = {isa = PBXFileReference; lastKnownFileType = sourcecode.swift; path = MovieViewSectionItem.swift; sourceTree = "<group>"; };
		990FE5B5284B3F200039F7B8 /* RxActorModel.swift */ = {isa = PBXFileReference; lastKnownFileType = sourcecode.swift; path = RxActorModel.swift; sourceTree = "<group>"; };
		990FE5B7284B3F660039F7B8 /* RxActorRepository.swift */ = {isa = PBXFileReference; lastKnownFileType = sourcecode.swift; path = RxActorRepository.swift; sourceTree = "<group>"; };
		990FE5B9284B51410039F7B8 /* RxSeriesModel.swift */ = {isa = PBXFileReference; lastKnownFileType = sourcecode.swift; path = RxSeriesModel.swift; sourceTree = "<group>"; };
		99555128284C94F70094038C /* RxContentTypeRepository.swift */ = {isa = PBXFileReference; lastKnownFileType = sourcecode.swift; path = RxContentTypeRepository.swift; sourceTree = "<group>"; };
		9961A2D328546DF400DC6242 /* RxActorDetailModel.swift */ = {isa = PBXFileReference; lastKnownFileType = sourcecode.swift; path = RxActorDetailModel.swift; sourceTree = "<group>"; };
		9961A2D62854861C00DC6242 /* CDObservable.swift */ = {isa = PBXFileReference; lastKnownFileType = sourcecode.swift; path = CDObservable.swift; sourceTree = "<group>"; };
		99B049F9285EF51300E6FEC7 /* ActorDetailViewModel.swift */ = {isa = PBXFileReference; lastKnownFileType = sourcecode.swift; path = ActorDetailViewModel.swift; sourceTree = "<group>"; };
		99B049FB285EFAAF00E6FEC7 /* MoreActorViewModel.swift */ = {isa = PBXFileReference; lastKnownFileType = sourcecode.swift; path = MoreActorViewModel.swift; sourceTree = "<group>"; };
		99FAC8F0284F072200EC907D /* RxMovieDetailModel.swift */ = {isa = PBXFileReference; lastKnownFileType = sourcecode.swift; path = RxMovieDetailModel.swift; sourceTree = "<group>"; };
		99FAC8F2284F838D00EC907D /* RxSeriesDetailModel.swift */ = {isa = PBXFileReference; lastKnownFileType = sourcecode.swift; path = RxSeriesDetailModel.swift; sourceTree = "<group>"; };
		A7431C05D6A7AD89BA469C0C /* Pods-MovieApp.release.xcconfig */ = {isa = PBXFileReference; includeInIndex = 1; lastKnownFileType = text.xcconfig; name = "Pods-MovieApp.release.xcconfig"; path = "Target Support Files/Pods-MovieApp/Pods-MovieApp.release.xcconfig"; sourceTree = "<group>"; };
		A8E523B7016AF66A2D492CAF /* Pods_MovieApp.framework */ = {isa = PBXFileReference; explicitFileType = wrapper.framework; includeInIndex = 0; path = Pods_MovieApp.framework; sourceTree = BUILT_PRODUCTS_DIR; };
		C0B81FCBFBED34A3E63A91EC /* Pods-MovieApp.debug.xcconfig */ = {isa = PBXFileReference; includeInIndex = 1; lastKnownFileType = text.xcconfig; name = "Pods-MovieApp.debug.xcconfig"; path = "Target Support Files/Pods-MovieApp/Pods-MovieApp.debug.xcconfig"; sourceTree = "<group>"; };
/* End PBXFileReference section */

/* Begin PBXFrameworksBuildPhase section */
		990FE49F284B1DE90039F7B8 /* Frameworks */ = {
			isa = PBXFrameworksBuildPhase;
			buildActionMask = 2147483647;
			files = (
				3B3F7FFE75E85C29CD843407 /* Pods_MovieApp.framework in Frameworks */,
			);
			runOnlyForDeploymentPostprocessing = 0;
		};
/* End PBXFrameworksBuildPhase section */

/* Begin PBXGroup section */
		157DD810A7FED078FED56322 /* Frameworks */ = {
			isa = PBXGroup;
			children = (
				A8E523B7016AF66A2D492CAF /* Pods_MovieApp.framework */,
			);
			name = Frameworks;
			sourceTree = "<group>";
		};
		4DE92D0DEE8E3139B13B9049 /* Pods */ = {
			isa = PBXGroup;
			children = (
				C0B81FCBFBED34A3E63A91EC /* Pods-MovieApp.debug.xcconfig */,
				A7431C05D6A7AD89BA469C0C /* Pods-MovieApp.release.xcconfig */,
			);
			path = Pods;
			sourceTree = "<group>";
		};
		990530C4285D9AF8000747E1 /* ViewModel */ = {
			isa = PBXGroup;
			children = (
				990530C5285D9B13000747E1 /* MovieViewModel.swift */,
				990530C7285DAC44000747E1 /* SearchViewModel.swift */,
				990530C9285DB09D000747E1 /* MovieDetailViewModel.swift */,
				99B049F9285EF51300E6FEC7 /* ActorDetailViewModel.swift */,
				99B049FB285EFAAF00E6FEC7 /* MoreActorViewModel.swift */,
			);
			path = ViewModel;
			sourceTree = "<group>";
		};
		990FE499284B1DE90039F7B8 = {
			isa = PBXGroup;
			children = (
				990FE4A4284B1DE90039F7B8 /* MovieApp */,
				990FE4A3284B1DE90039F7B8 /* Products */,
				4DE92D0DEE8E3139B13B9049 /* Pods */,
				157DD810A7FED078FED56322 /* Frameworks */,
			);
			sourceTree = "<group>";
		};
		990FE4A3284B1DE90039F7B8 /* Products */ = {
			isa = PBXGroup;
			children = (
				990FE4A2284B1DE90039F7B8 /* MovieApp.app */,
			);
			name = Products;
			sourceTree = "<group>";
		};
		990FE4A4284B1DE90039F7B8 /* MovieApp */ = {
			isa = PBXGroup;
			children = (
				990530C4285D9AF8000747E1 /* ViewModel */,
				990FE523284B1EB70039F7B8 /* Cells */,
				990FE54A284B1EB70039F7B8 /* Components */,
				990FE54C284B1EB70039F7B8 /* Constants.swift */,
				990FE4DD284B1EB70039F7B8 /* Data */,
				990FE4D0284B1EB70039F7B8 /* Deletegates */,
				990FE51B284B1EB70039F7B8 /* Networking */,
				990FE4B9284B1EB70039F7B8 /* Resources */,
				990FE4D8284B1EB70039F7B8 /* Storyboards */,
				990FE4BB284B1EB70039F7B8 /* Utils */,
				990FE4BE284B1EB70039F7B8 /* Viewcontrollers */,
				990FE4B3284B1DEA0039F7B8 /* Info.plist */,
			);
			path = MovieApp;
			sourceTree = "<group>";
		};
		990FE4B9284B1EB70039F7B8 /* Resources */ = {
			isa = PBXGroup;
			children = (
				990FE4BA284B1EB70039F7B8 /* Assets.xcassets */,
			);
			path = Resources;
			sourceTree = "<group>";
		};
		990FE4BB284B1EB70039F7B8 /* Utils */ = {
			isa = PBXGroup;
			children = (
				990FE4BC284B1EB70039F7B8 /* ViewExtension.swift */,
				990FE4BD284B1EB70039F7B8 /* Router.swift */,
			);
			path = Utils;
			sourceTree = "<group>";
		};
		990FE4BE284B1EB70039F7B8 /* Viewcontrollers */ = {
			isa = PBXGroup;
			children = (
				990FE4BF284B1EB70039F7B8 /* MovieViewController.swift */,
				990FE4C0284B1EB70039F7B8 /* ActorDetail */,
				990FE4C3284B1EB70039F7B8 /* Search */,
				990FE4C6284B1EB70039F7B8 /* MoreActors */,
				990FE4C9284B1EB70039F7B8 /* MoreShowCase */,
				990FE4CC284B1EB70039F7B8 /* MovieDetailViewController.swift */,
				990FE4CD284B1EB70039F7B8 /* YoutubePlayer */,
				990FE5B3284B27340039F7B8 /* MovieViewSectionItem.swift */,
			);
			path = Viewcontrollers;
			sourceTree = "<group>";
		};
		990FE4C0284B1EB70039F7B8 /* ActorDetail */ = {
			isa = PBXGroup;
			children = (
				990FE4C1284B1EB70039F7B8 /* ActorDetailViewController.xib */,
				990FE4C2284B1EB70039F7B8 /* ActorDetailViewController.swift */,
			);
			path = ActorDetail;
			sourceTree = "<group>";
		};
		990FE4C3284B1EB70039F7B8 /* Search */ = {
			isa = PBXGroup;
			children = (
				990FE4C4284B1EB70039F7B8 /* SearchViewController.swift */,
				990FE4C5284B1EB70039F7B8 /* SearchViewController.xib */,
			);
			path = Search;
			sourceTree = "<group>";
		};
		990FE4C6284B1EB70039F7B8 /* MoreActors */ = {
			isa = PBXGroup;
			children = (
				990FE4C7284B1EB70039F7B8 /* MoreActorsViewController.swift */,
				990FE4C8284B1EB70039F7B8 /* MoreActorsViewController.xib */,
			);
			path = MoreActors;
			sourceTree = "<group>";
		};
		990FE4C9284B1EB70039F7B8 /* MoreShowCase */ = {
			isa = PBXGroup;
			children = (
				990FE4CA284B1EB70039F7B8 /* MoreShowCaseViewController.xib */,
				990FE4CB284B1EB70039F7B8 /* MoreShowCaseViewController.swift */,
			);
			path = MoreShowCase;
			sourceTree = "<group>";
		};
		990FE4CD284B1EB70039F7B8 /* YoutubePlayer */ = {
			isa = PBXGroup;
			children = (
				990FE4CE284B1EB70039F7B8 /* YoutubePlayerViewController.swift */,
				990FE4CF284B1EB70039F7B8 /* YoutubePlayerViewController.xib */,
			);
			path = YoutubePlayer;
			sourceTree = "<group>";
		};
		990FE4D0284B1EB70039F7B8 /* Deletegates */ = {
			isa = PBXGroup;
			children = (
				990FE4D1284B1EB70039F7B8 /* AppDelegate.swift */,
				990FE4D2284B1EB70039F7B8 /* Protocols */,
				990FE4D7284B1EB70039F7B8 /* SceneDelegate.swift */,
			);
			path = Deletegates;
			sourceTree = "<group>";
		};
		990FE4D2284B1EB70039F7B8 /* Protocols */ = {
			isa = PBXGroup;
			children = (
				990FE4D3284B1EB70039F7B8 /* MoreShowCaseDelegate.swift */,
				990FE4D4284B1EB70039F7B8 /* MovieItemDelegate.swift */,
				990FE4D5284B1EB70039F7B8 /* ActorActionDelegate.swift */,
				990FE4D6284B1EB70039F7B8 /* ActorDelegate.swift */,
			);
			path = Protocols;
			sourceTree = "<group>";
		};
		990FE4D8284B1EB70039F7B8 /* Storyboards */ = {
			isa = PBXGroup;
			children = (
				990FE4D9284B1EB70039F7B8 /* LaunchScreen.storyboard */,
				990FE4DB284B1EB70039F7B8 /* Main.storyboard */,
			);
			path = Storyboards;
			sourceTree = "<group>";
		};
		990FE4DD284B1EB70039F7B8 /* Data */ = {
			isa = PBXGroup;
			children = (
				990FE4DE284B1EB70039F7B8 /* Vos */,
				990FE4E1284B1EB70039F7B8 /* Repository */,
				990FE4E9284B1EB70039F7B8 /* Enums */,
				990FE4EC284B1EB70039F7B8 /* Responses */,
				990FE4F8284B1EB70039F7B8 /* CoreData */,
				990FE503284B1EB70039F7B8 /* Models */,
				990FE511284B1EB70039F7B8 /* Realm */,
			);
			path = Data;
			sourceTree = "<group>";
		};
		990FE4DE284B1EB70039F7B8 /* Vos */ = {
			isa = PBXGroup;
			children = (
				990FE4DF284B1EB70039F7B8 /* GenreVo.swift */,
				990FE4E0284B1EB70039F7B8 /* FilmDetailVo.swift */,
			);
			path = Vos;
			sourceTree = "<group>";
		};
		990FE4E1284B1EB70039F7B8 /* Repository */ = {
			isa = PBXGroup;
			children = (
				9961A2D52854860E00DC6242 /* Observable */,
				990FE4E2284B1EB70039F7B8 /* ActorRepository.swift */,
				990FE4E3284B1EB70039F7B8 /* GenreRepository.swift */,
				990FE4E4284B1EB70039F7B8 /* MovieRepository.swift */,
				990FE4E5284B1EB70039F7B8 /* BaseRepository.swift */,
				990FE4E6284B1EB70039F7B8 /* Rx */,
				990FE4E8284B1EB70039F7B8 /* ContentTypeRepository.swift */,
			);
			path = Repository;
			sourceTree = "<group>";
		};
		990FE4E6284B1EB70039F7B8 /* Rx */ = {
			isa = PBXGroup;
			children = (
				990FE4E7284B1EB70039F7B8 /* RxMovieRepository.swift */,
				990FE5B7284B3F660039F7B8 /* RxActorRepository.swift */,
				99555128284C94F70094038C /* RxContentTypeRepository.swift */,
			);
			path = Rx;
			sourceTree = "<group>";
		};
		990FE4E9284B1EB70039F7B8 /* Enums */ = {
			isa = PBXGroup;
			children = (
				990FE4EA284B1EB70039F7B8 /* MovieType.swift */,
				990FE4EB284B1EB70039F7B8 /* ActorType.swift */,
			);
			path = Enums;
			sourceTree = "<group>";
		};
		990FE4EC284B1EB70039F7B8 /* Responses */ = {
			isa = PBXGroup;
			children = (
				990FE4ED284B1EB70039F7B8 /* ActorDetailResponse.swift */,
				990FE4EE284B1EB70039F7B8 /* TVSeriesDetailResponse.swift */,
				990FE4EF284B1EB70039F7B8 /* TrailerResponse.swift */,
				990FE4F0284B1EB70039F7B8 /* MovieCreditResponse.swift */,
				990FE4F1284B1EB70039F7B8 /* GenreResponse.swift */,
				990FE4F2284B1EB70039F7B8 /* ActorMovieCreditResponse.swift */,
				990FE4F3284B1EB70039F7B8 /* ActorListResponse.swift */,
				990FE4F4284B1EB70039F7B8 /* MovieListResponse.swift */,
				990FE4F5284B1EB70039F7B8 /* LoginResponse.swift */,
				990FE4F6284B1EB70039F7B8 /* MovieDetailResponse.swift */,
				990FE4F7284B1EB70039F7B8 /* ActorTVCreditResponse.swift */,
			);
			path = Responses;
			sourceTree = "<group>";
		};
		990FE4F8284B1EB70039F7B8 /* CoreData */ = {
			isa = PBXGroup;
			children = (
				990FE4F9284B1EB70039F7B8 /* CoreDataStack.swift */,
				990FE4FA284B1EB70039F7B8 /* MovieDB.xcdatamodeld */,
				990FE4FC284B1EB70039F7B8 /* ModelExtensions */,
			);
			path = CoreData;
			sourceTree = "<group>";
		};
		990FE4FC284B1EB70039F7B8 /* ModelExtensions */ = {
			isa = PBXGroup;
			children = (
				990FE4FD284B1EB70039F7B8 /* ProductionCountryEntity+Extension.swift */,
				990FE4FE284B1EB70039F7B8 /* GenreEntity+Extension.swift */,
				990FE4FF284B1EB70039F7B8 /* ProductionCompanyEntity+Extension.swift */,
				990FE500284B1EB70039F7B8 /* MovieEntity+Extension.swift */,
				990FE501284B1EB70039F7B8 /* SpokenLanguagesEntity+Extension.swift */,
				990FE502284B1EB70039F7B8 /* ActorEntity+Extension.swift */,
			);
			path = ModelExtensions;
			sourceTree = "<group>";
		};
		990FE503284B1EB70039F7B8 /* Models */ = {
			isa = PBXGroup;
			children = (
				990FE504284B1EB70039F7B8 /* MovieModel.swift */,
				990FE505284B1EB70039F7B8 /* MovieDetailModel.swift */,
				990FE506284B1EB70039F7B8 /* ActorDetailModel.swift */,
				990FE507284B1EB70039F7B8 /* SearchModel.swift */,
				990FE508284B1EB70039F7B8 /* ActorModel.swift */,
				990FE509284B1EB70039F7B8 /* Rx */,
				990FE50C284B1EB70039F7B8 /* Base */,
				990FE50E284B1EB70039F7B8 /* GenreModel.swift */,
				990FE50F284B1EB70039F7B8 /* SeriesDetailModel.swift */,
				990FE510284B1EB70039F7B8 /* SeriesModel.swift */,
			);
			path = Models;
			sourceTree = "<group>";
		};
		990FE509284B1EB70039F7B8 /* Rx */ = {
			isa = PBXGroup;
			children = (
				990FE50A284B1EB70039F7B8 /* RxMovieModel.swift */,
				990FE50B284B1EB70039F7B8 /* RxSearchModel.swift */,
				990FE5B5284B3F200039F7B8 /* RxActorModel.swift */,
				990FE5B9284B51410039F7B8 /* RxSeriesModel.swift */,
				99FAC8F0284F072200EC907D /* RxMovieDetailModel.swift */,
				99FAC8F2284F838D00EC907D /* RxSeriesDetailModel.swift */,
				9961A2D328546DF400DC6242 /* RxActorDetailModel.swift */,
			);
			path = Rx;
			sourceTree = "<group>";
		};
		990FE50C284B1EB70039F7B8 /* Base */ = {
			isa = PBXGroup;
			children = (
				990FE50D284B1EB70039F7B8 /* BaseModel.swift */,
			);
			path = Base;
			sourceTree = "<group>";
		};
		990FE511284B1EB70039F7B8 /* Realm */ = {
			isa = PBXGroup;
			children = (
				990FE512284B1EB70039F7B8 /* RealmDB.swift */,
				990FE513284B1EB70039F7B8 /* objects */,
			);
			path = Realm;
			sourceTree = "<group>";
		};
		990FE513284B1EB70039F7B8 /* objects */ = {
			isa = PBXGroup;
			children = (
				990FE514284B1EB70039F7B8 /* MovieObject.swift */,
				990FE515284B1EB70039F7B8 /* ProductionCompanyObject.swift */,
				990FE516284B1EB70039F7B8 /* BelongToTypeObject.swift */,
				990FE517284B1EB70039F7B8 /* GenreObject.swift */,
				990FE518284B1EB70039F7B8 /* ActorObject.swift */,
				990FE519284B1EB70039F7B8 /* SpokenLanguageObject.swift */,
				990FE51A284B1EB70039F7B8 /* ProductionCountryObject.swift */,
			);
			path = objects;
			sourceTree = "<group>";
		};
		990FE51B284B1EB70039F7B8 /* Networking */ = {
			isa = PBXGroup;
			children = (
				990FE51C284B1EB70039F7B8 /* Agents */,
				990FE51F284B1EB70039F7B8 /* Protocols */,
				990FE522284B1EB70039F7B8 /* MDBEnpoint.swift */,
			);
			path = Networking;
			sourceTree = "<group>";
		};
		990FE51C284B1EB70039F7B8 /* Agents */ = {
			isa = PBXGroup;
			children = (
				990FE51D284B1EB70039F7B8 /* RxNetworkingAgent.swift */,
				990FE51E284B1EB70039F7B8 /* NetworkingAgent.swift */,
			);
			path = Agents;
			sourceTree = "<group>";
		};
		990FE51F284B1EB70039F7B8 /* Protocols */ = {
			isa = PBXGroup;
			children = (
				990FE520284B1EB70039F7B8 /* RxNetworkingAgentProtocol.swift */,
				990FE521284B1EB70039F7B8 /* NetworkingAgentProtocol.swift */,
			);
			path = Protocols;
			sourceTree = "<group>";
		};
		990FE523284B1EB70039F7B8 /* Cells */ = {
			isa = PBXGroup;
			children = (
				990FE524284B1EB70039F7B8 /* Tableview */,
				990FE537284B1EB70039F7B8 /* Collectionview */,
			);
			path = Cells;
			sourceTree = "<group>";
		};
		990FE524284B1EB70039F7B8 /* Tableview */ = {
			isa = PBXGroup;
			children = (
				990FE525284B1EB70039F7B8 /* MovieSlider */,
				990FE528284B1EB70039F7B8 /* Genre */,
				990FE52B284B1EB70039F7B8 /* PopularFilm */,
				990FE52E284B1EB70039F7B8 /* ShowTime */,
				990FE531284B1EB70039F7B8 /* Showcase */,
				990FE534284B1EB70039F7B8 /* Actor */,
			);
			path = Tableview;
			sourceTree = "<group>";
		};
		990FE525284B1EB70039F7B8 /* MovieSlider */ = {
			isa = PBXGroup;
			children = (
				990FE526284B1EB70039F7B8 /* MovieSliderTableViewCell.swift */,
				990FE527284B1EB70039F7B8 /* MovieSliderTableViewCell.xib */,
			);
			path = MovieSlider;
			sourceTree = "<group>";
		};
		990FE528284B1EB70039F7B8 /* Genre */ = {
			isa = PBXGroup;
			children = (
				990FE529284B1EB70039F7B8 /* GenreTableViewCell.swift */,
				990FE52A284B1EB70039F7B8 /* GenreTableViewCell.xib */,
			);
			path = Genre;
			sourceTree = "<group>";
		};
		990FE52B284B1EB70039F7B8 /* PopularFilm */ = {
			isa = PBXGroup;
			children = (
				990FE52C284B1EB70039F7B8 /* PopularFilmTableViewCell.swift */,
				990FE52D284B1EB70039F7B8 /* PopularFilmTableViewCell.xib */,
			);
			path = PopularFilm;
			sourceTree = "<group>";
		};
		990FE52E284B1EB70039F7B8 /* ShowTime */ = {
			isa = PBXGroup;
			children = (
				990FE52F284B1EB70039F7B8 /* MovieShowTimeTableViewCell.xib */,
				990FE530284B1EB70039F7B8 /* MovieShowTimeTableViewCell.swift */,
			);
			path = ShowTime;
			sourceTree = "<group>";
		};
		990FE531284B1EB70039F7B8 /* Showcase */ = {
			isa = PBXGroup;
			children = (
				990FE532284B1EB70039F7B8 /* ShowCaseTableViewCell.swift */,
				990FE533284B1EB70039F7B8 /* ShowCaseTableViewCell.xib */,
			);
			path = Showcase;
			sourceTree = "<group>";
		};
		990FE534284B1EB70039F7B8 /* Actor */ = {
			isa = PBXGroup;
			children = (
				990FE535284B1EB70039F7B8 /* BestActorTableViewCell.xib */,
				990FE536284B1EB70039F7B8 /* BestActorTableViewCell.swift */,
			);
			path = Actor;
			sourceTree = "<group>";
		};
		990FE537284B1EB70039F7B8 /* Collectionview */ = {
			isa = PBXGroup;
			children = (
				990FE538284B1EB70039F7B8 /* Film */,
				990FE53B284B1EB70039F7B8 /* MovieSlider */,
				990FE53E284B1EB70039F7B8 /* Genre */,
				990FE541284B1EB70039F7B8 /* Production */,
				990FE544284B1EB70039F7B8 /* Showcase */,
				990FE547284B1EB70039F7B8 /* Actor */,
			);
			path = Collectionview;
			sourceTree = "<group>";
		};
		990FE538284B1EB70039F7B8 /* Film */ = {
			isa = PBXGroup;
			children = (
				990FE539284B1EB70039F7B8 /* PopularFilmCollectionViewCell.swift */,
				990FE53A284B1EB70039F7B8 /* PopularFilmCollectionViewCell.xib */,
			);
			path = Film;
			sourceTree = "<group>";
		};
		990FE53B284B1EB70039F7B8 /* MovieSlider */ = {
			isa = PBXGroup;
			children = (
				990FE53C284B1EB70039F7B8 /* MovieSliderCollectionViewCell.xib */,
				990FE53D284B1EB70039F7B8 /* MovieSliderCollectionViewCell.swift */,
			);
			path = MovieSlider;
			sourceTree = "<group>";
		};
		990FE53E284B1EB70039F7B8 /* Genre */ = {
			isa = PBXGroup;
			children = (
				990FE53F284B1EB70039F7B8 /* GenreCollectionViewCell.xib */,
				990FE540284B1EB70039F7B8 /* GenreCollectionViewCell.swift */,
			);
			path = Genre;
			sourceTree = "<group>";
		};
		990FE541284B1EB70039F7B8 /* Production */ = {
			isa = PBXGroup;
			children = (
				990FE542284B1EB70039F7B8 /* ProductionCollectionViewCell.swift */,
				990FE543284B1EB70039F7B8 /* ProductionCollectionViewCell.xib */,
			);
			path = Production;
			sourceTree = "<group>";
		};
		990FE544284B1EB70039F7B8 /* Showcase */ = {
			isa = PBXGroup;
			children = (
				990FE545284B1EB70039F7B8 /* ShowCaseCollectionViewCell.xib */,
				990FE546284B1EB70039F7B8 /* ShowCaseCollectionViewCell.swift */,
			);
			path = Showcase;
			sourceTree = "<group>";
		};
		990FE547284B1EB70039F7B8 /* Actor */ = {
			isa = PBXGroup;
			children = (
				990FE548284B1EB70039F7B8 /* BestActorCollectionViewCell.xib */,
				990FE549284B1EB70039F7B8 /* BestActorCollectionViewCell.swift */,
			);
			path = Actor;
			sourceTree = "<group>";
		};
		990FE54A284B1EB70039F7B8 /* Components */ = {
			isa = PBXGroup;
			children = (
				990FE54B284B1EB70039F7B8 /* RatingControl.swift */,
			);
			path = Components;
			sourceTree = "<group>";
		};
		9961A2D52854860E00DC6242 /* Observable */ = {
			isa = PBXGroup;
			children = (
				9961A2D62854861C00DC6242 /* CDObservable.swift */,
			);
			path = Observable;
			sourceTree = "<group>";
		};
/* End PBXGroup section */

/* Begin PBXNativeTarget section */
		990FE4A1284B1DE90039F7B8 /* MovieApp */ = {
			isa = PBXNativeTarget;
			buildConfigurationList = 990FE4B6284B1DEA0039F7B8 /* Build configuration list for PBXNativeTarget "MovieApp" */;
			buildPhases = (
				B3761A473CCAFC62C044717C /* [CP] Check Pods Manifest.lock */,
				990FE49E284B1DE90039F7B8 /* Sources */,
				990FE49F284B1DE90039F7B8 /* Frameworks */,
				990FE4A0284B1DE90039F7B8 /* Resources */,
				790BA1CDB6DA9351D3BCEB9E /* [CP] Embed Pods Frameworks */,
			);
			buildRules = (
			);
			dependencies = (
			);
			name = MovieApp;
			productName = MovieApp;
			productReference = 990FE4A2284B1DE90039F7B8 /* MovieApp.app */;
			productType = "com.apple.product-type.application";
		};
/* End PBXNativeTarget section */

/* Begin PBXProject section */
		990FE49A284B1DE90039F7B8 /* Project object */ = {
			isa = PBXProject;
			attributes = {
				BuildIndependentTargetsInParallel = 1;
				LastSwiftUpdateCheck = 1330;
				LastUpgradeCheck = 1330;
				TargetAttributes = {
					990FE4A1284B1DE90039F7B8 = {
						CreatedOnToolsVersion = 13.3.1;
					};
				};
			};
			buildConfigurationList = 990FE49D284B1DE90039F7B8 /* Build configuration list for PBXProject "MovieApp" */;
			compatibilityVersion = "Xcode 13.0";
			developmentRegion = en;
			hasScannedForEncodings = 0;
			knownRegions = (
				en,
				Base,
			);
			mainGroup = 990FE499284B1DE90039F7B8;
			productRefGroup = 990FE4A3284B1DE90039F7B8 /* Products */;
			projectDirPath = "";
			projectRoot = "";
			targets = (
				990FE4A1284B1DE90039F7B8 /* MovieApp */,
			);
		};
/* End PBXProject section */

/* Begin PBXResourcesBuildPhase section */
		990FE4A0284B1DE90039F7B8 /* Resources */ = {
			isa = PBXResourcesBuildPhase;
			buildActionMask = 2147483647;
			files = (
				990FE5A6284B1EB70039F7B8 /* PopularFilmCollectionViewCell.xib in Resources */,
				990FE554284B1EB70039F7B8 /* SearchViewController.xib in Resources */,
				990FE5A7284B1EB70039F7B8 /* MovieSliderCollectionViewCell.xib in Resources */,
				990FE562284B1EB70039F7B8 /* LaunchScreen.storyboard in Resources */,
				990FE5A3284B1EB70039F7B8 /* BestActorTableViewCell.xib in Resources */,
				990FE54D284B1EB70039F7B8 /* Assets.xcassets in Resources */,
				990FE563284B1EB70039F7B8 /* Main.storyboard in Resources */,
				990FE59A284B1EB70039F7B8 /* MovieSliderTableViewCell.xib in Resources */,
				990FE5AD284B1EB70039F7B8 /* ShowCaseCollectionViewCell.xib in Resources */,
				990FE59C284B1EB70039F7B8 /* GenreTableViewCell.xib in Resources */,
				990FE5AF284B1EB70039F7B8 /* BestActorCollectionViewCell.xib in Resources */,
				990FE5A9284B1EB70039F7B8 /* GenreCollectionViewCell.xib in Resources */,
				990FE55B284B1EB70039F7B8 /* YoutubePlayerViewController.xib in Resources */,
				990FE5A2284B1EB70039F7B8 /* ShowCaseTableViewCell.xib in Resources */,
				990FE59F284B1EB70039F7B8 /* MovieShowTimeTableViewCell.xib in Resources */,
				990FE551284B1EB70039F7B8 /* ActorDetailViewController.xib in Resources */,
				990FE59E284B1EB70039F7B8 /* PopularFilmTableViewCell.xib in Resources */,
				990FE557284B1EB70039F7B8 /* MoreShowCaseViewController.xib in Resources */,
				990FE5AC284B1EB70039F7B8 /* ProductionCollectionViewCell.xib in Resources */,
				990FE556284B1EB70039F7B8 /* MoreActorsViewController.xib in Resources */,
			);
			runOnlyForDeploymentPostprocessing = 0;
		};
/* End PBXResourcesBuildPhase section */

/* Begin PBXShellScriptBuildPhase section */
		790BA1CDB6DA9351D3BCEB9E /* [CP] Embed Pods Frameworks */ = {
			isa = PBXShellScriptBuildPhase;
			buildActionMask = 2147483647;
			files = (
			);
			inputFileListPaths = (
				"${PODS_ROOT}/Target Support Files/Pods-MovieApp/Pods-MovieApp-frameworks-${CONFIGURATION}-input-files.xcfilelist",
			);
			name = "[CP] Embed Pods Frameworks";
			outputFileListPaths = (
				"${PODS_ROOT}/Target Support Files/Pods-MovieApp/Pods-MovieApp-frameworks-${CONFIGURATION}-output-files.xcfilelist",
			);
			runOnlyForDeploymentPostprocessing = 0;
			shellPath = /bin/sh;
			shellScript = "\"${PODS_ROOT}/Target Support Files/Pods-MovieApp/Pods-MovieApp-frameworks.sh\"\n";
			showEnvVarsInLog = 0;
		};
		B3761A473CCAFC62C044717C /* [CP] Check Pods Manifest.lock */ = {
			isa = PBXShellScriptBuildPhase;
			buildActionMask = 2147483647;
			files = (
			);
			inputFileListPaths = (
			);
			inputPaths = (
				"${PODS_PODFILE_DIR_PATH}/Podfile.lock",
				"${PODS_ROOT}/Manifest.lock",
			);
			name = "[CP] Check Pods Manifest.lock";
			outputFileListPaths = (
			);
			outputPaths = (
				"$(DERIVED_FILE_DIR)/Pods-MovieApp-checkManifestLockResult.txt",
			);
			runOnlyForDeploymentPostprocessing = 0;
			shellPath = /bin/sh;
			shellScript = "diff \"${PODS_PODFILE_DIR_PATH}/Podfile.lock\" \"${PODS_ROOT}/Manifest.lock\" > /dev/null\nif [ $? != 0 ] ; then\n    # print error to STDERR\n    echo \"error: The sandbox is not in sync with the Podfile.lock. Run 'pod install' or update your CocoaPods installation.\" >&2\n    exit 1\nfi\n# This output is used by Xcode 'outputs' to avoid re-running this script phase.\necho \"SUCCESS\" > \"${SCRIPT_OUTPUT_FILE_0}\"\n";
			showEnvVarsInLog = 0;
		};
/* End PBXShellScriptBuildPhase section */

/* Begin PBXSourcesBuildPhase section */
		990FE49E284B1DE90039F7B8 /* Sources */ = {
			isa = PBXSourcesBuildPhase;
			buildActionMask = 2147483647;
			files = (
				990FE564284B1EB70039F7B8 /* GenreVo.swift in Sources */,
				990FE59B284B1EB70039F7B8 /* GenreTableViewCell.swift in Sources */,
				990FE5BA284B51410039F7B8 /* RxSeriesModel.swift in Sources */,
				990FE576284B1EB70039F7B8 /* LoginResponse.swift in Sources */,
				990FE552284B1EB70039F7B8 /* ActorDetailViewController.swift in Sources */,
				9961A2D428546DF400DC6242 /* RxActorDetailModel.swift in Sources */,
				990530CA285DB09D000747E1 /* MovieDetailViewModel.swift in Sources */,
				990FE574284B1EB70039F7B8 /* ActorListResponse.swift in Sources */,
				990FE57D284B1EB70039F7B8 /* ProductionCompanyEntity+Extension.swift in Sources */,
				990FE553284B1EB70039F7B8 /* SearchViewController.swift in Sources */,
				990FE5A8284B1EB70039F7B8 /* MovieSliderCollectionViewCell.swift in Sources */,
				990FE58C284B1EB70039F7B8 /* RealmDB.swift in Sources */,
				990FE56B284B1EB70039F7B8 /* ContentTypeRepository.swift in Sources */,
				990FE57B284B1EB70039F7B8 /* ProductionCountryEntity+Extension.swift in Sources */,
				990FE55D284B1EB70039F7B8 /* MoreShowCaseDelegate.swift in Sources */,
				990FE56C284B1EB70039F7B8 /* MovieType.swift in Sources */,
				990FE581284B1EB70039F7B8 /* MovieModel.swift in Sources */,
				990FE568284B1EB70039F7B8 /* MovieRepository.swift in Sources */,
				990FE54F284B1EB70039F7B8 /* Router.swift in Sources */,
				990FE5AB284B1EB70039F7B8 /* ProductionCollectionViewCell.swift in Sources */,
				990FE55F284B1EB70039F7B8 /* ActorActionDelegate.swift in Sources */,
				990FE54E284B1EB70039F7B8 /* ViewExtension.swift in Sources */,
				990FE58F284B1EB70039F7B8 /* BelongToTypeObject.swift in Sources */,
				990FE575284B1EB70039F7B8 /* MovieListResponse.swift in Sources */,
				990FE5B6284B3F200039F7B8 /* RxActorModel.swift in Sources */,
				990530C8285DAC44000747E1 /* SearchViewModel.swift in Sources */,
				990FE579284B1EB70039F7B8 /* CoreDataStack.swift in Sources */,
				990FE57F284B1EB70039F7B8 /* SpokenLanguagesEntity+Extension.swift in Sources */,
				990FE56E284B1EB70039F7B8 /* ActorDetailResponse.swift in Sources */,
				990FE558284B1EB70039F7B8 /* MoreShowCaseViewController.swift in Sources */,
				990FE555284B1EB70039F7B8 /* MoreActorsViewController.swift in Sources */,
				990FE5B4284B27340039F7B8 /* MovieViewSectionItem.swift in Sources */,
				990FE5B1284B1EB70039F7B8 /* RatingControl.swift in Sources */,
				990FE55E284B1EB70039F7B8 /* MovieItemDelegate.swift in Sources */,
				990FE588284B1EB70039F7B8 /* BaseModel.swift in Sources */,
				990FE5A4284B1EB70039F7B8 /* BestActorTableViewCell.swift in Sources */,
				99555129284C94F70094038C /* RxContentTypeRepository.swift in Sources */,
				990FE595284B1EB70039F7B8 /* NetworkingAgent.swift in Sources */,
				990FE561284B1EB70039F7B8 /* SceneDelegate.swift in Sources */,
				990FE5AA284B1EB70039F7B8 /* GenreCollectionViewCell.swift in Sources */,
				990FE5B2284B1EB70039F7B8 /* Constants.swift in Sources */,
				990FE592284B1EB70039F7B8 /* SpokenLanguageObject.swift in Sources */,
				990FE577284B1EB70039F7B8 /* MovieDetailResponse.swift in Sources */,
				990FE565284B1EB70039F7B8 /* FilmDetailVo.swift in Sources */,
				990FE584284B1EB70039F7B8 /* SearchModel.swift in Sources */,
				990FE590284B1EB70039F7B8 /* GenreObject.swift in Sources */,
				990FE594284B1EB70039F7B8 /* RxNetworkingAgent.swift in Sources */,
				990FE589284B1EB70039F7B8 /* GenreModel.swift in Sources */,
				990FE593284B1EB70039F7B8 /* ProductionCountryObject.swift in Sources */,
				990FE596284B1EB70039F7B8 /* RxNetworkingAgentProtocol.swift in Sources */,
				990FE57C284B1EB70039F7B8 /* GenreEntity+Extension.swift in Sources */,
				990FE583284B1EB70039F7B8 /* ActorDetailModel.swift in Sources */,
				990FE5B8284B3F660039F7B8 /* RxActorRepository.swift in Sources */,
				99B049FA285EF51300E6FEC7 /* ActorDetailViewModel.swift in Sources */,
				990FE59D284B1EB70039F7B8 /* PopularFilmTableViewCell.swift in Sources */,
				990FE5A1284B1EB70039F7B8 /* ShowCaseTableViewCell.swift in Sources */,
				990FE57E284B1EB70039F7B8 /* MovieEntity+Extension.swift in Sources */,
				990FE570284B1EB70039F7B8 /* TrailerResponse.swift in Sources */,
				990FE55C284B1EB70039F7B8 /* AppDelegate.swift in Sources */,
				990FE567284B1EB70039F7B8 /* GenreRepository.swift in Sources */,
				990FE597284B1EB70039F7B8 /* NetworkingAgentProtocol.swift in Sources */,
				990FE57A284B1EB70039F7B8 /* MovieDB.xcdatamodeld in Sources */,
				990FE569284B1EB70039F7B8 /* BaseRepository.swift in Sources */,
				990FE559284B1EB70039F7B8 /* MovieDetailViewController.swift in Sources */,
				990FE5B0284B1EB70039F7B8 /* BestActorCollectionViewCell.swift in Sources */,
				990FE56A284B1EB70039F7B8 /* RxMovieRepository.swift in Sources */,
				990FE578284B1EB70039F7B8 /* ActorTVCreditResponse.swift in Sources */,
				990FE550284B1EB70039F7B8 /* MovieViewController.swift in Sources */,
				990FE5A5284B1EB70039F7B8 /* PopularFilmCollectionViewCell.swift in Sources */,
				990FE585284B1EB70039F7B8 /* ActorModel.swift in Sources */,
				990530C6285D9B13000747E1 /* MovieViewModel.swift in Sources */,
				990FE560284B1EB70039F7B8 /* ActorDelegate.swift in Sources */,
				990FE58A284B1EB70039F7B8 /* SeriesDetailModel.swift in Sources */,
				990FE587284B1EB70039F7B8 /* RxSearchModel.swift in Sources */,
				990FE58E284B1EB70039F7B8 /* ProductionCompanyObject.swift in Sources */,
				99B049FC285EFAAF00E6FEC7 /* MoreActorViewModel.swift in Sources */,
				990FE586284B1EB70039F7B8 /* RxMovieModel.swift in Sources */,
				990FE5A0284B1EB70039F7B8 /* MovieShowTimeTableViewCell.swift in Sources */,
				990FE56F284B1EB70039F7B8 /* TVSeriesDetailResponse.swift in Sources */,
				990FE573284B1EB70039F7B8 /* ActorMovieCreditResponse.swift in Sources */,
				990FE598284B1EB70039F7B8 /* MDBEnpoint.swift in Sources */,
				990FE58D284B1EB70039F7B8 /* MovieObject.swift in Sources */,
				990FE58B284B1EB70039F7B8 /* SeriesModel.swift in Sources */,
				990FE5AE284B1EB70039F7B8 /* ShowCaseCollectionViewCell.swift in Sources */,
				990FE56D284B1EB70039F7B8 /* ActorType.swift in Sources */,
				990FE566284B1EB70039F7B8 /* ActorRepository.swift in Sources */,
				990FE571284B1EB70039F7B8 /* MovieCreditResponse.swift in Sources */,
				99FAC8F1284F072200EC907D /* RxMovieDetailModel.swift in Sources */,
				990FE55A284B1EB70039F7B8 /* YoutubePlayerViewController.swift in Sources */,
				9961A2D72854861C00DC6242 /* CDObservable.swift in Sources */,
				990FE591284B1EB70039F7B8 /* ActorObject.swift in Sources */,
				99FAC8F3284F838D00EC907D /* RxSeriesDetailModel.swift in Sources */,
				990FE572284B1EB70039F7B8 /* GenreResponse.swift in Sources */,
				990FE580284B1EB70039F7B8 /* ActorEntity+Extension.swift in Sources */,
				990FE582284B1EB70039F7B8 /* MovieDetailModel.swift in Sources */,
				990FE599284B1EB70039F7B8 /* MovieSliderTableViewCell.swift in Sources */,
			);
			runOnlyForDeploymentPostprocessing = 0;
		};
/* End PBXSourcesBuildPhase section */

/* Begin PBXVariantGroup section */
		990FE4D9284B1EB70039F7B8 /* LaunchScreen.storyboard */ = {
			isa = PBXVariantGroup;
			children = (
				990FE4DA284B1EB70039F7B8 /* Base */,
			);
			name = LaunchScreen.storyboard;
			sourceTree = "<group>";
		};
		990FE4DB284B1EB70039F7B8 /* Main.storyboard */ = {
			isa = PBXVariantGroup;
			children = (
				990FE4DC284B1EB70039F7B8 /* Base */,
			);
			name = Main.storyboard;
			sourceTree = "<group>";
		};
/* End PBXVariantGroup section */

/* Begin XCBuildConfiguration section */
		990FE4B4284B1DEA0039F7B8 /* Debug */ = {
			isa = XCBuildConfiguration;
			buildSettings = {
				ALWAYS_SEARCH_USER_PATHS = NO;
				CLANG_ANALYZER_NONNULL = YES;
				CLANG_ANALYZER_NUMBER_OBJECT_CONVERSION = YES_AGGRESSIVE;
				CLANG_CXX_LANGUAGE_STANDARD = "gnu++17";
				CLANG_ENABLE_MODULES = YES;
				CLANG_ENABLE_OBJC_ARC = YES;
				CLANG_ENABLE_OBJC_WEAK = YES;
				CLANG_WARN_BLOCK_CAPTURE_AUTORELEASING = YES;
				CLANG_WARN_BOOL_CONVERSION = YES;
				CLANG_WARN_COMMA = YES;
				CLANG_WARN_CONSTANT_CONVERSION = YES;
				CLANG_WARN_DEPRECATED_OBJC_IMPLEMENTATIONS = YES;
				CLANG_WARN_DIRECT_OBJC_ISA_USAGE = YES_ERROR;
				CLANG_WARN_DOCUMENTATION_COMMENTS = YES;
				CLANG_WARN_EMPTY_BODY = YES;
				CLANG_WARN_ENUM_CONVERSION = YES;
				CLANG_WARN_INFINITE_RECURSION = YES;
				CLANG_WARN_INT_CONVERSION = YES;
				CLANG_WARN_NON_LITERAL_NULL_CONVERSION = YES;
				CLANG_WARN_OBJC_IMPLICIT_RETAIN_SELF = YES;
				CLANG_WARN_OBJC_LITERAL_CONVERSION = YES;
				CLANG_WARN_OBJC_ROOT_CLASS = YES_ERROR;
				CLANG_WARN_QUOTED_INCLUDE_IN_FRAMEWORK_HEADER = YES;
				CLANG_WARN_RANGE_LOOP_ANALYSIS = YES;
				CLANG_WARN_STRICT_PROTOTYPES = YES;
				CLANG_WARN_SUSPICIOUS_MOVE = YES;
				CLANG_WARN_UNGUARDED_AVAILABILITY = YES_AGGRESSIVE;
				CLANG_WARN_UNREACHABLE_CODE = YES;
				CLANG_WARN__DUPLICATE_METHOD_MATCH = YES;
				COPY_PHASE_STRIP = NO;
				DEBUG_INFORMATION_FORMAT = dwarf;
				ENABLE_STRICT_OBJC_MSGSEND = YES;
				ENABLE_TESTABILITY = YES;
				GCC_C_LANGUAGE_STANDARD = gnu11;
				GCC_DYNAMIC_NO_PIC = NO;
				GCC_NO_COMMON_BLOCKS = YES;
				GCC_OPTIMIZATION_LEVEL = 0;
				GCC_PREPROCESSOR_DEFINITIONS = (
					"DEBUG=1",
					"$(inherited)",
				);
				GCC_WARN_64_TO_32_BIT_CONVERSION = YES;
				GCC_WARN_ABOUT_RETURN_TYPE = YES_ERROR;
				GCC_WARN_UNDECLARED_SELECTOR = YES;
				GCC_WARN_UNINITIALIZED_AUTOS = YES_AGGRESSIVE;
				GCC_WARN_UNUSED_FUNCTION = YES;
				GCC_WARN_UNUSED_VARIABLE = YES;
				IPHONEOS_DEPLOYMENT_TARGET = 15.4;
				MTL_ENABLE_DEBUG_INFO = INCLUDE_SOURCE;
				MTL_FAST_MATH = YES;
				ONLY_ACTIVE_ARCH = YES;
				SDKROOT = iphoneos;
				SWIFT_ACTIVE_COMPILATION_CONDITIONS = DEBUG;
				SWIFT_OPTIMIZATION_LEVEL = "-Onone";
			};
			name = Debug;
		};
		990FE4B5284B1DEA0039F7B8 /* Release */ = {
			isa = XCBuildConfiguration;
			buildSettings = {
				ALWAYS_SEARCH_USER_PATHS = NO;
				CLANG_ANALYZER_NONNULL = YES;
				CLANG_ANALYZER_NUMBER_OBJECT_CONVERSION = YES_AGGRESSIVE;
				CLANG_CXX_LANGUAGE_STANDARD = "gnu++17";
				CLANG_ENABLE_MODULES = YES;
				CLANG_ENABLE_OBJC_ARC = YES;
				CLANG_ENABLE_OBJC_WEAK = YES;
				CLANG_WARN_BLOCK_CAPTURE_AUTORELEASING = YES;
				CLANG_WARN_BOOL_CONVERSION = YES;
				CLANG_WARN_COMMA = YES;
				CLANG_WARN_CONSTANT_CONVERSION = YES;
				CLANG_WARN_DEPRECATED_OBJC_IMPLEMENTATIONS = YES;
				CLANG_WARN_DIRECT_OBJC_ISA_USAGE = YES_ERROR;
				CLANG_WARN_DOCUMENTATION_COMMENTS = YES;
				CLANG_WARN_EMPTY_BODY = YES;
				CLANG_WARN_ENUM_CONVERSION = YES;
				CLANG_WARN_INFINITE_RECURSION = YES;
				CLANG_WARN_INT_CONVERSION = YES;
				CLANG_WARN_NON_LITERAL_NULL_CONVERSION = YES;
				CLANG_WARN_OBJC_IMPLICIT_RETAIN_SELF = YES;
				CLANG_WARN_OBJC_LITERAL_CONVERSION = YES;
				CLANG_WARN_OBJC_ROOT_CLASS = YES_ERROR;
				CLANG_WARN_QUOTED_INCLUDE_IN_FRAMEWORK_HEADER = YES;
				CLANG_WARN_RANGE_LOOP_ANALYSIS = YES;
				CLANG_WARN_STRICT_PROTOTYPES = YES;
				CLANG_WARN_SUSPICIOUS_MOVE = YES;
				CLANG_WARN_UNGUARDED_AVAILABILITY = YES_AGGRESSIVE;
				CLANG_WARN_UNREACHABLE_CODE = YES;
				CLANG_WARN__DUPLICATE_METHOD_MATCH = YES;
				COPY_PHASE_STRIP = NO;
				DEBUG_INFORMATION_FORMAT = "dwarf-with-dsym";
				ENABLE_NS_ASSERTIONS = NO;
				ENABLE_STRICT_OBJC_MSGSEND = YES;
				GCC_C_LANGUAGE_STANDARD = gnu11;
				GCC_NO_COMMON_BLOCKS = YES;
				GCC_WARN_64_TO_32_BIT_CONVERSION = YES;
				GCC_WARN_ABOUT_RETURN_TYPE = YES_ERROR;
				GCC_WARN_UNDECLARED_SELECTOR = YES;
				GCC_WARN_UNINITIALIZED_AUTOS = YES_AGGRESSIVE;
				GCC_WARN_UNUSED_FUNCTION = YES;
				GCC_WARN_UNUSED_VARIABLE = YES;
				IPHONEOS_DEPLOYMENT_TARGET = 15.4;
				MTL_ENABLE_DEBUG_INFO = NO;
				MTL_FAST_MATH = YES;
				SDKROOT = iphoneos;
				SWIFT_COMPILATION_MODE = wholemodule;
				SWIFT_OPTIMIZATION_LEVEL = "-O";
				VALIDATE_PRODUCT = YES;
			};
			name = Release;
		};
		990FE4B7284B1DEA0039F7B8 /* Debug */ = {
			isa = XCBuildConfiguration;
			baseConfigurationReference = C0B81FCBFBED34A3E63A91EC /* Pods-MovieApp.debug.xcconfig */;
			buildSettings = {
				ASSETCATALOG_COMPILER_APPICON_NAME = AppIcon;
				ASSETCATALOG_COMPILER_GLOBAL_ACCENT_COLOR_NAME = AccentColor;
				CODE_SIGN_STYLE = Automatic;
				CURRENT_PROJECT_VERSION = 1;
				DEVELOPMENT_TEAM = 585W2U7TXZ;
				GENERATE_INFOPLIST_FILE = YES;
				INFOPLIST_FILE = MovieApp/Info.plist;
				INFOPLIST_KEY_UIApplicationSupportsIndirectInputEvents = YES;
				INFOPLIST_KEY_UILaunchStoryboardName = LaunchScreen;
				INFOPLIST_KEY_UIMainStoryboardFile = Main;
				INFOPLIST_KEY_UISupportedInterfaceOrientations_iPad = "UIInterfaceOrientationPortrait UIInterfaceOrientationPortraitUpsideDown UIInterfaceOrientationLandscapeLeft UIInterfaceOrientationLandscapeRight";
				INFOPLIST_KEY_UISupportedInterfaceOrientations_iPhone = "UIInterfaceOrientationPortrait UIInterfaceOrientationLandscapeLeft UIInterfaceOrientationLandscapeRight";
				LD_RUNPATH_SEARCH_PATHS = (
					"$(inherited)",
					"@executable_path/Frameworks",
				);
				MARKETING_VERSION = 1.0;
				PRODUCT_BUNDLE_IDENTIFIER = com.htetaunglin.MovieApp;
				PRODUCT_NAME = "$(TARGET_NAME)";
				SWIFT_EMIT_LOC_STRINGS = YES;
				SWIFT_VERSION = 5.0;
				TARGETED_DEVICE_FAMILY = "1,2";
			};
			name = Debug;
		};
		990FE4B8284B1DEA0039F7B8 /* Release */ = {
			isa = XCBuildConfiguration;
			baseConfigurationReference = A7431C05D6A7AD89BA469C0C /* Pods-MovieApp.release.xcconfig */;
			buildSettings = {
				ASSETCATALOG_COMPILER_APPICON_NAME = AppIcon;
				ASSETCATALOG_COMPILER_GLOBAL_ACCENT_COLOR_NAME = AccentColor;
				CODE_SIGN_STYLE = Automatic;
				CURRENT_PROJECT_VERSION = 1;
				DEVELOPMENT_TEAM = 585W2U7TXZ;
				GENERATE_INFOPLIST_FILE = YES;
				INFOPLIST_FILE = MovieApp/Info.plist;
				INFOPLIST_KEY_UIApplicationSupportsIndirectInputEvents = YES;
				INFOPLIST_KEY_UILaunchStoryboardName = LaunchScreen;
				INFOPLIST_KEY_UIMainStoryboardFile = Main;
				INFOPLIST_KEY_UISupportedInterfaceOrientations_iPad = "UIInterfaceOrientationPortrait UIInterfaceOrientationPortraitUpsideDown UIInterfaceOrientationLandscapeLeft UIInterfaceOrientationLandscapeRight";
				INFOPLIST_KEY_UISupportedInterfaceOrientations_iPhone = "UIInterfaceOrientationPortrait UIInterfaceOrientationLandscapeLeft UIInterfaceOrientationLandscapeRight";
				LD_RUNPATH_SEARCH_PATHS = (
					"$(inherited)",
					"@executable_path/Frameworks",
				);
				MARKETING_VERSION = 1.0;
				PRODUCT_BUNDLE_IDENTIFIER = com.htetaunglin.MovieApp;
				PRODUCT_NAME = "$(TARGET_NAME)";
				SWIFT_EMIT_LOC_STRINGS = YES;
				SWIFT_VERSION = 5.0;
				TARGETED_DEVICE_FAMILY = "1,2";
			};
			name = Release;
		};
/* End XCBuildConfiguration section */

/* Begin XCConfigurationList section */
		990FE49D284B1DE90039F7B8 /* Build configuration list for PBXProject "MovieApp" */ = {
			isa = XCConfigurationList;
			buildConfigurations = (
				990FE4B4284B1DEA0039F7B8 /* Debug */,
				990FE4B5284B1DEA0039F7B8 /* Release */,
			);
			defaultConfigurationIsVisible = 0;
			defaultConfigurationName = Release;
		};
		990FE4B6284B1DEA0039F7B8 /* Build configuration list for PBXNativeTarget "MovieApp" */ = {
			isa = XCConfigurationList;
			buildConfigurations = (
				990FE4B7284B1DEA0039F7B8 /* Debug */,
				990FE4B8284B1DEA0039F7B8 /* Release */,
			);
			defaultConfigurationIsVisible = 0;
			defaultConfigurationName = Release;
		};
/* End XCConfigurationList section */

/* Begin XCVersionGroup section */
		990FE4FA284B1EB70039F7B8 /* MovieDB.xcdatamodeld */ = {
			isa = XCVersionGroup;
			children = (
				990FE4FB284B1EB70039F7B8 /* MovieDB.xcdatamodel */,
			);
			currentVersion = 990FE4FB284B1EB70039F7B8 /* MovieDB.xcdatamodel */;
			path = MovieDB.xcdatamodeld;
			sourceTree = "<group>";
			versionGroupType = wrapper.xcdatamodel;
		};
/* End XCVersionGroup section */
	};
	rootObject = 990FE49A284B1DE90039F7B8 /* Project object */;
}
